// !$*UTF8*$!
{
	archiveVersion = 1;
	classes = {
	};
	objectVersion = 56;
	objects = {

/* Begin PBXBuildFile section */
		C71240A82AD78537002A39A8 /* BadgeSymbol.swift in Sources */ = {isa = PBXBuildFile; fileRef = C71240A72AD78537002A39A8 /* BadgeSymbol.swift */; };
		C71EBA0B2AC382C20028822D /* CircleView.swift in Sources */ = {isa = PBXBuildFile; fileRef = C71EBA0A2AC382C20028822D /* CircleView.swift */; };
		C71EBA0D2AC3877D0028822D /* MapView.swift in Sources */ = {isa = PBXBuildFile; fileRef = C71EBA0C2AC3877D0028822D /* MapView.swift */; };
		C72DFEBE2AF18190001B63E7 /* Assets.xcassets in Resources */ = {isa = PBXBuildFile; fileRef = C79E08462AC377F6005F8CAA /* Assets.xcassets */; };
		C72DFEC12AF19FFB001B63E7 /* NotificationView.swift in Sources */ = {isa = PBXBuildFile; fileRef = C72DFEC02AF19FFB001B63E7 /* NotificationView.swift */; };
		C72DFEC32AF1A1A4001B63E7 /* NotificationController.swift in Sources */ = {isa = PBXBuildFile; fileRef = C72DFEC22AF1A1A4001B63E7 /* NotificationController.swift */; };
		C72DFEC52AF1A57B001B63E7 /* PushNotificationPayload.apns in Resources */ = {isa = PBXBuildFile; fileRef = C72DFEC42AF1A57B001B63E7 /* PushNotificationPayload.apns */; };
		C72DFECF2AF2ED33001B63E7 /* ContentView.swift in Sources */ = {isa = PBXBuildFile; fileRef = C72DFECE2AF2ED33001B63E7 /* ContentView.swift */; };
		C72DFED12AF2ED35001B63E7 /* Assets.xcassets in Resources */ = {isa = PBXBuildFile; fileRef = C72DFED02AF2ED35001B63E7 /* Assets.xcassets */; };
		C72DFED42AF2ED35001B63E7 /* Preview Assets.xcassets in Resources */ = {isa = PBXBuildFile; fileRef = C72DFED32AF2ED35001B63E7 /* Preview Assets.xcassets */; };
		C72DFEDF2AF2ED35001B63E7 /* MacLandmarksTests.swift in Sources */ = {isa = PBXBuildFile; fileRef = C72DFEDE2AF2ED35001B63E7 /* MacLandmarksTests.swift */; };
		C72DFEE92AF2ED36001B63E7 /* MacLandmarksUITests.swift in Sources */ = {isa = PBXBuildFile; fileRef = C72DFEE82AF2ED36001B63E7 /* MacLandmarksUITests.swift */; };
		C72DFEEB2AF2ED36001B63E7 /* MacLandmarksUITestsLaunchTests.swift in Sources */ = {isa = PBXBuildFile; fileRef = C72DFEEA2AF2ED36001B63E7 /* MacLandmarksUITestsLaunchTests.swift */; };
		C72DFEF52AF2EDFB001B63E7 /* hikeData.json in Resources */ = {isa = PBXBuildFile; fileRef = C7513B542AD87C9700E498E2 /* hikeData.json */; };
		C72DFEF62AF2EDFB001B63E7 /* LandmarkList.swift in Sources */ = {isa = PBXBuildFile; fileRef = C766A5A62ACEF8F900F6D2D3 /* LandmarkList.swift */; };
		C72DFEF72AF2EDFB001B63E7 /* FavoriteButton.swift in Sources */ = {isa = PBXBuildFile; fileRef = C7C78B5A2AD3274A00574E7F /* FavoriteButton.swift */; };
		C72DFEF82AF2EDFB001B63E7 /* LandmarkRow.swift in Sources */ = {isa = PBXBuildFile; fileRef = C792AF512ACE0EFF00ADF7FC /* LandmarkRow.swift */; };
		C72DFEF92AF2EDFB001B63E7 /* MapView.swift in Sources */ = {isa = PBXBuildFile; fileRef = C71EBA0C2AC3877D0028822D /* MapView.swift */; };
		C72DFEFA2AF2EDFB001B63E7 /* Hike.swift in Sources */ = {isa = PBXBuildFile; fileRef = C7513B562AD87E7800E498E2 /* Hike.swift */; };
		C72DFEFB2AF2EDFB001B63E7 /* CircleView.swift in Sources */ = {isa = PBXBuildFile; fileRef = C71EBA0A2AC382C20028822D /* CircleView.swift */; };
		C72DFEFC2AF2EDFB001B63E7 /* ModelData.swift in Sources */ = {isa = PBXBuildFile; fileRef = C792AF4D2ACE0C0100ADF7FC /* ModelData.swift */; };
		C72DFEFD2AF2EDFB001B63E7 /* landmarkData.json in Resources */ = {isa = PBXBuildFile; fileRef = C7BD20002AC77DA7004D036E /* landmarkData.json */; };
		C72DFEFE2AF2EDFB001B63E7 /* Profile.swift in Sources */ = {isa = PBXBuildFile; fileRef = C7FB166A2AE1C0CB00D9C412 /* Profile.swift */; };
		C72DFEFF2AF2EDFB001B63E7 /* Landmark.swift in Sources */ = {isa = PBXBuildFile; fileRef = C792AF4B2ACE085B00ADF7FC /* Landmark.swift */; };
		C72DFF002AF2EDFB001B63E7 /* SwiftUI_Tutorial_Project_App.swift in Sources */ = {isa = PBXBuildFile; fileRef = C79E08422AC377F4005F8CAA /* SwiftUI_Tutorial_Project_App.swift */; };
		C72DFF012AF2EDFB001B63E7 /* Assets.xcassets in Resources */ = {isa = PBXBuildFile; fileRef = C79E08462AC377F6005F8CAA /* Assets.xcassets */; };
		C72DFF032AF2F503001B63E7 /* LandmarkDetail.swift in Sources */ = {isa = PBXBuildFile; fileRef = C72DFF022AF2F503001B63E7 /* LandmarkDetail.swift */; };
		C72DFF062AF3507E001B63E7 /* LandmarkList.swift in Sources */ = {isa = PBXBuildFile; fileRef = C72DFF042AF3505C001B63E7 /* LandmarkList.swift */; };
		C74CAF912AED4A0900FC64AB /* HikeBadge.swift in Sources */ = {isa = PBXBuildFile; fileRef = C74CAF902AED4A0900FC64AB /* HikeBadge.swift */; };
		C74CAF932AED92B400FC64AB /* ProfileEditor.swift in Sources */ = {isa = PBXBuildFile; fileRef = C74CAF922AED92B400FC64AB /* ProfileEditor.swift */; };
		C74CAF962AEDAFF600FC64AB /* PageViewController.swift in Sources */ = {isa = PBXBuildFile; fileRef = C74CAF952AEDAFF600FC64AB /* PageViewController.swift */; };
		C74CAF982AEDBE1100FC64AB /* FeatureCard.swift in Sources */ = {isa = PBXBuildFile; fileRef = C74CAF972AEDBE1100FC64AB /* FeatureCard.swift */; };
		C74CAF9A2AEDEDE000FC64AB /* PageView.swift in Sources */ = {isa = PBXBuildFile; fileRef = C74CAF992AEDEDE000FC64AB /* PageView.swift */; };
		C74CAF9C2AEE20DF00FC64AB /* PageControl.swift in Sources */ = {isa = PBXBuildFile; fileRef = C74CAF9B2AEE20DF00FC64AB /* PageControl.swift */; };
		C74CAFA62AF0A81C00FC64AB /* ContentView.swift in Sources */ = {isa = PBXBuildFile; fileRef = C74CAFA52AF0A81C00FC64AB /* ContentView.swift */; };
		C74CAFA82AF0A81D00FC64AB /* Assets.xcassets in Resources */ = {isa = PBXBuildFile; fileRef = C74CAFA72AF0A81D00FC64AB /* Assets.xcassets */; };
		C74CAFAB2AF0A81D00FC64AB /* Preview Assets.xcassets in Resources */ = {isa = PBXBuildFile; fileRef = C74CAFAA2AF0A81D00FC64AB /* Preview Assets.xcassets */; };
		C74CAFB52AF0A81D00FC64AB /* WatchLandmarks_Watch_AppTests.swift in Sources */ = {isa = PBXBuildFile; fileRef = C74CAFB42AF0A81D00FC64AB /* WatchLandmarks_Watch_AppTests.swift */; };
		C74CAFBF2AF0A81D00FC64AB /* WatchLandmarks_Watch_AppUITests.swift in Sources */ = {isa = PBXBuildFile; fileRef = C74CAFBE2AF0A81D00FC64AB /* WatchLandmarks_Watch_AppUITests.swift */; };
		C74CAFC12AF0A81D00FC64AB /* WatchLandmarks_Watch_AppUITestsLaunchTests.swift in Sources */ = {isa = PBXBuildFile; fileRef = C74CAFC02AF0A81D00FC64AB /* WatchLandmarks_Watch_AppUITestsLaunchTests.swift */; };
		C74CAFC42AF0A81D00FC64AB /* WatchLandmarks Watch App.app in Embed Watch Content */ = {isa = PBXBuildFile; fileRef = C74CAFA12AF0A81C00FC64AB /* WatchLandmarks Watch App.app */; settings = {ATTRIBUTES = (RemoveHeadersOnCopy, ); }; };
		C7513B502AD791E400E498E2 /* RotatedBadgeSymbol.swift in Sources */ = {isa = PBXBuildFile; fileRef = C7513B4F2AD791E400E498E2 /* RotatedBadgeSymbol.swift */; };
		C7513B522AD8723A00E498E2 /* Badge.swift in Sources */ = {isa = PBXBuildFile; fileRef = C7513B512AD8723A00E498E2 /* Badge.swift */; };
		C7513B552AD87C9700E498E2 /* hikeData.json in Resources */ = {isa = PBXBuildFile; fileRef = C7513B542AD87C9700E498E2 /* hikeData.json */; };
		C7513B572AD87E7800E498E2 /* Hike.swift in Sources */ = {isa = PBXBuildFile; fileRef = C7513B562AD87E7800E498E2 /* Hike.swift */; };
		C7513B5D2AD8829600E498E2 /* GraphCapsule.swift in Sources */ = {isa = PBXBuildFile; fileRef = C7513B592AD8829600E498E2 /* GraphCapsule.swift */; };
		C7513B5E2AD8829600E498E2 /* HikeGraph.swift in Sources */ = {isa = PBXBuildFile; fileRef = C7513B5A2AD8829600E498E2 /* HikeGraph.swift */; };
		C7513B5F2AD8829600E498E2 /* HikeDetail.swift in Sources */ = {isa = PBXBuildFile; fileRef = C7513B5B2AD8829600E498E2 /* HikeDetail.swift */; };
		C7513B602AD8829600E498E2 /* HikeView.swift in Sources */ = {isa = PBXBuildFile; fileRef = C7513B5C2AD8829600E498E2 /* HikeView.swift */; };
		C766A5A72ACEF8F900F6D2D3 /* LandmarkList.swift in Sources */ = {isa = PBXBuildFile; fileRef = C766A5A62ACEF8F900F6D2D3 /* LandmarkList.swift */; };
		C766A5A92ACEFC0E00F6D2D3 /* LandmarkDetail.swift in Sources */ = {isa = PBXBuildFile; fileRef = C766A5A82ACEFC0E00F6D2D3 /* LandmarkDetail.swift */; };
		C76EA0AB2AF168AA003B26A3 /* Landmark.swift in Sources */ = {isa = PBXBuildFile; fileRef = C792AF4B2ACE085B00ADF7FC /* Landmark.swift */; };
		C76EA0AD2AF168AA003B26A3 /* Profile.swift in Sources */ = {isa = PBXBuildFile; fileRef = C7FB166A2AE1C0CB00D9C412 /* Profile.swift */; };
		C76EA0AE2AF168AA003B26A3 /* ModelData.swift in Sources */ = {isa = PBXBuildFile; fileRef = C792AF4D2ACE0C0100ADF7FC /* ModelData.swift */; };
		C76EA0AF2AF168AA003B26A3 /* CircleView.swift in Sources */ = {isa = PBXBuildFile; fileRef = C71EBA0A2AC382C20028822D /* CircleView.swift */; };
		C76EA0B02AF168AA003B26A3 /* Hike.swift in Sources */ = {isa = PBXBuildFile; fileRef = C7513B562AD87E7800E498E2 /* Hike.swift */; };
		C76EA0B12AF168AA003B26A3 /* landmarkData.json in Resources */ = {isa = PBXBuildFile; fileRef = C7BD20002AC77DA7004D036E /* landmarkData.json */; };
		C76EA0B22AF168AA003B26A3 /* hikeData.json in Resources */ = {isa = PBXBuildFile; fileRef = C7513B542AD87C9700E498E2 /* hikeData.json */; };
		C76EA0B52AF168AA003B26A3 /* MapView.swift in Sources */ = {isa = PBXBuildFile; fileRef = C71EBA0C2AC3877D0028822D /* MapView.swift */; };
		C76EA0B62AF168AA003B26A3 /* LandmarkRow.swift in Sources */ = {isa = PBXBuildFile; fileRef = C792AF512ACE0EFF00ADF7FC /* LandmarkRow.swift */; };
		C76EA0B82AF17128003B26A3 /* LandmarkDetail.swift in Sources */ = {isa = PBXBuildFile; fileRef = C76EA0B72AF17128003B26A3 /* LandmarkDetail.swift */; };
		C76EA0B92AF17315003B26A3 /* ContentViewiPad.swift in Sources */ = {isa = PBXBuildFile; fileRef = C79E086C2AC3791A005F8CAA /* ContentViewiPad.swift */; };
		C76EA0BA2AF174C2003B26A3 /* SwiftUI_Tutorial_Project_App.swift in Sources */ = {isa = PBXBuildFile; fileRef = C79E08422AC377F4005F8CAA /* SwiftUI_Tutorial_Project_App.swift */; };
		C792AF4C2ACE085B00ADF7FC /* Landmark.swift in Sources */ = {isa = PBXBuildFile; fileRef = C792AF4B2ACE085B00ADF7FC /* Landmark.swift */; };
		C792AF4E2ACE0C0100ADF7FC /* ModelData.swift in Sources */ = {isa = PBXBuildFile; fileRef = C792AF4D2ACE0C0100ADF7FC /* ModelData.swift */; };
		C792AF522ACE0EFF00ADF7FC /* LandmarkRow.swift in Sources */ = {isa = PBXBuildFile; fileRef = C792AF512ACE0EFF00ADF7FC /* LandmarkRow.swift */; };
		C79E08432AC377F4005F8CAA /* SwiftUI_Tutorial_Project_App.swift in Sources */ = {isa = PBXBuildFile; fileRef = C79E08422AC377F4005F8CAA /* SwiftUI_Tutorial_Project_App.swift */; };
		C79E08452AC377F4005F8CAA /* ContentView.swift in Sources */ = {isa = PBXBuildFile; fileRef = C79E08442AC377F4005F8CAA /* ContentView.swift */; };
		C79E08472AC377F6005F8CAA /* Assets.xcassets in Resources */ = {isa = PBXBuildFile; fileRef = C79E08462AC377F6005F8CAA /* Assets.xcassets */; };
		C79E084A2AC377F6005F8CAA /* Preview Assets.xcassets in Resources */ = {isa = PBXBuildFile; fileRef = C79E08492AC377F6005F8CAA /* Preview Assets.xcassets */; };
		C79E08542AC377F7005F8CAA /* SwiftUI_Tutorial_Project_Tests.swift in Sources */ = {isa = PBXBuildFile; fileRef = C79E08532AC377F7005F8CAA /* SwiftUI_Tutorial_Project_Tests.swift */; };
		C79E085E2AC377F7005F8CAA /* SwiftUI_Tutorial_Project_UITests.swift in Sources */ = {isa = PBXBuildFile; fileRef = C79E085D2AC377F7005F8CAA /* SwiftUI_Tutorial_Project_UITests.swift */; };
		C79E08602AC377F7005F8CAA /* SwiftUI_Tutorial_Project_UITestsLaunchTests.swift in Sources */ = {isa = PBXBuildFile; fileRef = C79E085F2AC377F7005F8CAA /* SwiftUI_Tutorial_Project_UITestsLaunchTests.swift */; };
		C79E086D2AC3791A005F8CAA /* ContentViewiPad.swift in Sources */ = {isa = PBXBuildFile; fileRef = C79E086C2AC3791A005F8CAA /* ContentViewiPad.swift */; };
		C7BD20012AC77DA7004D036E /* landmarkData.json in Resources */ = {isa = PBXBuildFile; fileRef = C7BD20002AC77DA7004D036E /* landmarkData.json */; };
		C7BF999B2AD5E2820033F07A /* HexagonParameters.swift in Sources */ = {isa = PBXBuildFile; fileRef = C7BF999A2AD5E2820033F07A /* HexagonParameters.swift */; };
		C7BF999D2AD616DE0033F07A /* BadgeBackground.swift in Sources */ = {isa = PBXBuildFile; fileRef = C7BF999C2AD616DE0033F07A /* BadgeBackground.swift */; };
		C7C78B5B2AD3274A00574E7F /* FavoriteButton.swift in Sources */ = {isa = PBXBuildFile; fileRef = C7C78B5A2AD3274A00574E7F /* FavoriteButton.swift */; };
		C7EA8BCE2AF447AA00AB2A5B /* LandmarkCommands.swift in Sources */ = {isa = PBXBuildFile; fileRef = C7EA8BCD2AF447AA00AB2A5B /* LandmarkCommands.swift */; };
		C7EA8BCF2AF447AA00AB2A5B /* LandmarkCommands.swift in Sources */ = {isa = PBXBuildFile; fileRef = C7EA8BCD2AF447AA00AB2A5B /* LandmarkCommands.swift */; };
		C7EA8BD22AF4A69300AB2A5B /* LandmarkSettings.swift in Sources */ = {isa = PBXBuildFile; fileRef = C7EA8BD02AF4A69300AB2A5B /* LandmarkSettings.swift */; };
		C7FB16652ADF193E00D9C412 /* CategoryHome.swift in Sources */ = {isa = PBXBuildFile; fileRef = C7FB16642ADF193E00D9C412 /* CategoryHome.swift */; };
		C7FB16672ADF42BC00D9C412 /* CategoryRow.swift in Sources */ = {isa = PBXBuildFile; fileRef = C7FB16662ADF42BC00D9C412 /* CategoryRow.swift */; };
		C7FB16692ADF469700D9C412 /* CategoryItem.swift in Sources */ = {isa = PBXBuildFile; fileRef = C7FB16682ADF469700D9C412 /* CategoryItem.swift */; };
		C7FB166B2AE1C0CB00D9C412 /* Profile.swift in Sources */ = {isa = PBXBuildFile; fileRef = C7FB166A2AE1C0CB00D9C412 /* Profile.swift */; };
		C7FB166E2AE1C21300D9C412 /* ProfileHost.swift in Sources */ = {isa = PBXBuildFile; fileRef = C7FB166D2AE1C21300D9C412 /* ProfileHost.swift */; };
		C7FB16702AE1C37400D9C412 /* ProfileSummary.swift in Sources */ = {isa = PBXBuildFile; fileRef = C7FB166F2AE1C37400D9C412 /* ProfileSummary.swift */; };
/* End PBXBuildFile section */

/* Begin PBXContainerItemProxy section */
		C72DFEDB2AF2ED35001B63E7 /* PBXContainerItemProxy */ = {
			isa = PBXContainerItemProxy;
			containerPortal = C79E08372AC377F4005F8CAA /* Project object */;
			proxyType = 1;
			remoteGlobalIDString = C72DFEC92AF2ED33001B63E7;
			remoteInfo = MacLandmarks;
		};
		C72DFEE52AF2ED36001B63E7 /* PBXContainerItemProxy */ = {
			isa = PBXContainerItemProxy;
			containerPortal = C79E08372AC377F4005F8CAA /* Project object */;
			proxyType = 1;
			remoteGlobalIDString = C72DFEC92AF2ED33001B63E7;
			remoteInfo = MacLandmarks;
		};
		C74CAFB12AF0A81D00FC64AB /* PBXContainerItemProxy */ = {
			isa = PBXContainerItemProxy;
			containerPortal = C79E08372AC377F4005F8CAA /* Project object */;
			proxyType = 1;
			remoteGlobalIDString = C74CAFA02AF0A81C00FC64AB;
			remoteInfo = "WatchLandmarks Watch App";
		};
		C74CAFBB2AF0A81D00FC64AB /* PBXContainerItemProxy */ = {
			isa = PBXContainerItemProxy;
			containerPortal = C79E08372AC377F4005F8CAA /* Project object */;
			proxyType = 1;
			remoteGlobalIDString = C74CAFA02AF0A81C00FC64AB;
			remoteInfo = "WatchLandmarks Watch App";
		};
		C74CAFC22AF0A81D00FC64AB /* PBXContainerItemProxy */ = {
			isa = PBXContainerItemProxy;
			containerPortal = C79E08372AC377F4005F8CAA /* Project object */;
			proxyType = 1;
			remoteGlobalIDString = C74CAFA02AF0A81C00FC64AB;
			remoteInfo = "WatchLandmarks Watch App";
		};
		C79E08502AC377F7005F8CAA /* PBXContainerItemProxy */ = {
			isa = PBXContainerItemProxy;
			containerPortal = C79E08372AC377F4005F8CAA /* Project object */;
			proxyType = 1;
			remoteGlobalIDString = C79E083E2AC377F4005F8CAA;
			remoteInfo = SwiftUI_Tutorial_Project_;
		};
		C79E085A2AC377F7005F8CAA /* PBXContainerItemProxy */ = {
			isa = PBXContainerItemProxy;
			containerPortal = C79E08372AC377F4005F8CAA /* Project object */;
			proxyType = 1;
			remoteGlobalIDString = C79E083E2AC377F4005F8CAA;
			remoteInfo = SwiftUI_Tutorial_Project_;
		};
/* End PBXContainerItemProxy section */

/* Begin PBXCopyFilesBuildPhase section */
		C74CAFC82AF0A81D00FC64AB /* Embed Watch Content */ = {
			isa = PBXCopyFilesBuildPhase;
			buildActionMask = 2147483647;
			dstPath = "$(CONTENTS_FOLDER_PATH)/Watch";
			dstSubfolderSpec = 16;
			files = (
				C74CAFC42AF0A81D00FC64AB /* WatchLandmarks Watch App.app in Embed Watch Content */,
			);
			name = "Embed Watch Content";
			runOnlyForDeploymentPostprocessing = 0;
		};
/* End PBXCopyFilesBuildPhase section */

/* Begin PBXFileReference section */
		C71240A72AD78537002A39A8 /* BadgeSymbol.swift */ = {isa = PBXFileReference; lastKnownFileType = sourcecode.swift; path = BadgeSymbol.swift; sourceTree = "<group>"; };
		C71EBA0A2AC382C20028822D /* CircleView.swift */ = {isa = PBXFileReference; lastKnownFileType = sourcecode.swift; path = CircleView.swift; sourceTree = "<group>"; };
		C71EBA0C2AC3877D0028822D /* MapView.swift */ = {isa = PBXFileReference; lastKnownFileType = sourcecode.swift; path = MapView.swift; sourceTree = "<group>"; };
		C72DFEC02AF19FFB001B63E7 /* NotificationView.swift */ = {isa = PBXFileReference; lastKnownFileType = sourcecode.swift; path = NotificationView.swift; sourceTree = "<group>"; };
		C72DFEC22AF1A1A4001B63E7 /* NotificationController.swift */ = {isa = PBXFileReference; lastKnownFileType = sourcecode.swift; path = NotificationController.swift; sourceTree = "<group>"; };
		C72DFEC42AF1A57B001B63E7 /* PushNotificationPayload.apns */ = {isa = PBXFileReference; lastKnownFileType = text; path = PushNotificationPayload.apns; sourceTree = "<group>"; };
		C72DFECA2AF2ED33001B63E7 /* MacLandmarks.app */ = {isa = PBXFileReference; explicitFileType = wrapper.application; includeInIndex = 0; path = MacLandmarks.app; sourceTree = BUILT_PRODUCTS_DIR; };
		C72DFECE2AF2ED33001B63E7 /* ContentView.swift */ = {isa = PBXFileReference; lastKnownFileType = sourcecode.swift; path = ContentView.swift; sourceTree = "<group>"; };
		C72DFED02AF2ED35001B63E7 /* Assets.xcassets */ = {isa = PBXFileReference; lastKnownFileType = folder.assetcatalog; path = Assets.xcassets; sourceTree = "<group>"; };
		C72DFED32AF2ED35001B63E7 /* Preview Assets.xcassets */ = {isa = PBXFileReference; lastKnownFileType = folder.assetcatalog; path = "Preview Assets.xcassets"; sourceTree = "<group>"; };
		C72DFED52AF2ED35001B63E7 /* MacLandmarks.entitlements */ = {isa = PBXFileReference; lastKnownFileType = text.plist.entitlements; path = MacLandmarks.entitlements; sourceTree = "<group>"; };
		C72DFEDA2AF2ED35001B63E7 /* MacLandmarksTests.xctest */ = {isa = PBXFileReference; explicitFileType = wrapper.cfbundle; includeInIndex = 0; path = MacLandmarksTests.xctest; sourceTree = BUILT_PRODUCTS_DIR; };
		C72DFEDE2AF2ED35001B63E7 /* MacLandmarksTests.swift */ = {isa = PBXFileReference; lastKnownFileType = sourcecode.swift; path = MacLandmarksTests.swift; sourceTree = "<group>"; };
		C72DFEE42AF2ED35001B63E7 /* MacLandmarksUITests.xctest */ = {isa = PBXFileReference; explicitFileType = wrapper.cfbundle; includeInIndex = 0; path = MacLandmarksUITests.xctest; sourceTree = BUILT_PRODUCTS_DIR; };
		C72DFEE82AF2ED36001B63E7 /* MacLandmarksUITests.swift */ = {isa = PBXFileReference; lastKnownFileType = sourcecode.swift; path = MacLandmarksUITests.swift; sourceTree = "<group>"; };
		C72DFEEA2AF2ED36001B63E7 /* MacLandmarksUITestsLaunchTests.swift */ = {isa = PBXFileReference; lastKnownFileType = sourcecode.swift; path = MacLandmarksUITestsLaunchTests.swift; sourceTree = "<group>"; };
		C72DFF022AF2F503001B63E7 /* LandmarkDetail.swift */ = {isa = PBXFileReference; lastKnownFileType = sourcecode.swift; path = LandmarkDetail.swift; sourceTree = "<group>"; };
		C72DFF042AF3505C001B63E7 /* LandmarkList.swift */ = {isa = PBXFileReference; lastKnownFileType = sourcecode.swift; path = LandmarkList.swift; sourceTree = "<group>"; };
		C74CAF902AED4A0900FC64AB /* HikeBadge.swift */ = {isa = PBXFileReference; lastKnownFileType = sourcecode.swift; path = HikeBadge.swift; sourceTree = "<group>"; };
		C74CAF922AED92B400FC64AB /* ProfileEditor.swift */ = {isa = PBXFileReference; lastKnownFileType = sourcecode.swift; path = ProfileEditor.swift; sourceTree = "<group>"; };
		C74CAF952AEDAFF600FC64AB /* PageViewController.swift */ = {isa = PBXFileReference; lastKnownFileType = sourcecode.swift; path = PageViewController.swift; sourceTree = "<group>"; };
		C74CAF972AEDBE1100FC64AB /* FeatureCard.swift */ = {isa = PBXFileReference; lastKnownFileType = sourcecode.swift; path = FeatureCard.swift; sourceTree = "<group>"; };
		C74CAF992AEDEDE000FC64AB /* PageView.swift */ = {isa = PBXFileReference; lastKnownFileType = sourcecode.swift; path = PageView.swift; sourceTree = "<group>"; };
		C74CAF9B2AEE20DF00FC64AB /* PageControl.swift */ = {isa = PBXFileReference; lastKnownFileType = sourcecode.swift; path = PageControl.swift; sourceTree = "<group>"; };
		C74CAFA12AF0A81C00FC64AB /* WatchLandmarks Watch App.app */ = {isa = PBXFileReference; explicitFileType = wrapper.application; includeInIndex = 0; path = "WatchLandmarks Watch App.app"; sourceTree = BUILT_PRODUCTS_DIR; };
		C74CAFA52AF0A81C00FC64AB /* ContentView.swift */ = {isa = PBXFileReference; lastKnownFileType = sourcecode.swift; path = ContentView.swift; sourceTree = "<group>"; };
		C74CAFA72AF0A81D00FC64AB /* Assets.xcassets */ = {isa = PBXFileReference; lastKnownFileType = folder.assetcatalog; path = Assets.xcassets; sourceTree = "<group>"; };
		C74CAFAA2AF0A81D00FC64AB /* Preview Assets.xcassets */ = {isa = PBXFileReference; lastKnownFileType = folder.assetcatalog; path = "Preview Assets.xcassets"; sourceTree = "<group>"; };
		C74CAFB02AF0A81D00FC64AB /* WatchLandmarks Watch AppTests.xctest */ = {isa = PBXFileReference; explicitFileType = wrapper.cfbundle; includeInIndex = 0; path = "WatchLandmarks Watch AppTests.xctest"; sourceTree = BUILT_PRODUCTS_DIR; };
		C74CAFB42AF0A81D00FC64AB /* WatchLandmarks_Watch_AppTests.swift */ = {isa = PBXFileReference; lastKnownFileType = sourcecode.swift; path = WatchLandmarks_Watch_AppTests.swift; sourceTree = "<group>"; };
		C74CAFBA2AF0A81D00FC64AB /* WatchLandmarks Watch AppUITests.xctest */ = {isa = PBXFileReference; explicitFileType = wrapper.cfbundle; includeInIndex = 0; path = "WatchLandmarks Watch AppUITests.xctest"; sourceTree = BUILT_PRODUCTS_DIR; };
		C74CAFBE2AF0A81D00FC64AB /* WatchLandmarks_Watch_AppUITests.swift */ = {isa = PBXFileReference; lastKnownFileType = sourcecode.swift; path = WatchLandmarks_Watch_AppUITests.swift; sourceTree = "<group>"; };
		C74CAFC02AF0A81D00FC64AB /* WatchLandmarks_Watch_AppUITestsLaunchTests.swift */ = {isa = PBXFileReference; lastKnownFileType = sourcecode.swift; path = WatchLandmarks_Watch_AppUITestsLaunchTests.swift; sourceTree = "<group>"; };
		C7513B4F2AD791E400E498E2 /* RotatedBadgeSymbol.swift */ = {isa = PBXFileReference; lastKnownFileType = sourcecode.swift; path = RotatedBadgeSymbol.swift; sourceTree = "<group>"; };
		C7513B512AD8723A00E498E2 /* Badge.swift */ = {isa = PBXFileReference; lastKnownFileType = sourcecode.swift; path = Badge.swift; sourceTree = "<group>"; };
		C7513B542AD87C9700E498E2 /* hikeData.json */ = {isa = PBXFileReference; fileEncoding = 4; lastKnownFileType = text.json; path = hikeData.json; sourceTree = "<group>"; };
		C7513B562AD87E7800E498E2 /* Hike.swift */ = {isa = PBXFileReference; lastKnownFileType = sourcecode.swift; path = Hike.swift; sourceTree = "<group>"; };
		C7513B592AD8829600E498E2 /* GraphCapsule.swift */ = {isa = PBXFileReference; fileEncoding = 4; lastKnownFileType = sourcecode.swift; path = GraphCapsule.swift; sourceTree = "<group>"; };
		C7513B5A2AD8829600E498E2 /* HikeGraph.swift */ = {isa = PBXFileReference; fileEncoding = 4; lastKnownFileType = sourcecode.swift; path = HikeGraph.swift; sourceTree = "<group>"; };
		C7513B5B2AD8829600E498E2 /* HikeDetail.swift */ = {isa = PBXFileReference; fileEncoding = 4; lastKnownFileType = sourcecode.swift; path = HikeDetail.swift; sourceTree = "<group>"; };
		C7513B5C2AD8829600E498E2 /* HikeView.swift */ = {isa = PBXFileReference; fileEncoding = 4; lastKnownFileType = sourcecode.swift; path = HikeView.swift; sourceTree = "<group>"; };
		C766A5A62ACEF8F900F6D2D3 /* LandmarkList.swift */ = {isa = PBXFileReference; lastKnownFileType = sourcecode.swift; path = LandmarkList.swift; sourceTree = "<group>"; };
		C766A5A82ACEFC0E00F6D2D3 /* LandmarkDetail.swift */ = {isa = PBXFileReference; lastKnownFileType = sourcecode.swift; path = LandmarkDetail.swift; sourceTree = "<group>"; };
		C76EA0B72AF17128003B26A3 /* LandmarkDetail.swift */ = {isa = PBXFileReference; lastKnownFileType = sourcecode.swift; path = LandmarkDetail.swift; sourceTree = "<group>"; };
		C792AF4B2ACE085B00ADF7FC /* Landmark.swift */ = {isa = PBXFileReference; lastKnownFileType = sourcecode.swift; path = Landmark.swift; sourceTree = "<group>"; };
		C792AF4D2ACE0C0100ADF7FC /* ModelData.swift */ = {isa = PBXFileReference; lastKnownFileType = sourcecode.swift; path = ModelData.swift; sourceTree = "<group>"; };
		C792AF512ACE0EFF00ADF7FC /* LandmarkRow.swift */ = {isa = PBXFileReference; lastKnownFileType = sourcecode.swift; path = LandmarkRow.swift; sourceTree = "<group>"; };
		C79E083F2AC377F4005F8CAA /* SwiftUI_Tutorial_Project_LandMarks.app */ = {isa = PBXFileReference; explicitFileType = wrapper.application; includeInIndex = 0; path = SwiftUI_Tutorial_Project_LandMarks.app; sourceTree = BUILT_PRODUCTS_DIR; };
		C79E08422AC377F4005F8CAA /* SwiftUI_Tutorial_Project_App.swift */ = {isa = PBXFileReference; lastKnownFileType = sourcecode.swift; path = SwiftUI_Tutorial_Project_App.swift; sourceTree = "<group>"; };
		C79E08442AC377F4005F8CAA /* ContentView.swift */ = {isa = PBXFileReference; lastKnownFileType = sourcecode.swift; path = ContentView.swift; sourceTree = "<group>"; };
		C79E08462AC377F6005F8CAA /* Assets.xcassets */ = {isa = PBXFileReference; lastKnownFileType = folder.assetcatalog; path = Assets.xcassets; sourceTree = "<group>"; };
		C79E08492AC377F6005F8CAA /* Preview Assets.xcassets */ = {isa = PBXFileReference; lastKnownFileType = folder.assetcatalog; path = "Preview Assets.xcassets"; sourceTree = "<group>"; };
		C79E084F2AC377F7005F8CAA /* SwiftUI_Tutorial_Project_LandMarksTests.xctest */ = {isa = PBXFileReference; explicitFileType = wrapper.cfbundle; includeInIndex = 0; path = SwiftUI_Tutorial_Project_LandMarksTests.xctest; sourceTree = BUILT_PRODUCTS_DIR; };
		C79E08532AC377F7005F8CAA /* SwiftUI_Tutorial_Project_Tests.swift */ = {isa = PBXFileReference; lastKnownFileType = sourcecode.swift; path = SwiftUI_Tutorial_Project_Tests.swift; sourceTree = "<group>"; };
		C79E08592AC377F7005F8CAA /* SwiftUI_Tutorial_Project_LandMarksUITests.xctest */ = {isa = PBXFileReference; explicitFileType = wrapper.cfbundle; includeInIndex = 0; path = SwiftUI_Tutorial_Project_LandMarksUITests.xctest; sourceTree = BUILT_PRODUCTS_DIR; };
		C79E085D2AC377F7005F8CAA /* SwiftUI_Tutorial_Project_UITests.swift */ = {isa = PBXFileReference; lastKnownFileType = sourcecode.swift; path = SwiftUI_Tutorial_Project_UITests.swift; sourceTree = "<group>"; };
		C79E085F2AC377F7005F8CAA /* SwiftUI_Tutorial_Project_UITestsLaunchTests.swift */ = {isa = PBXFileReference; lastKnownFileType = sourcecode.swift; path = SwiftUI_Tutorial_Project_UITestsLaunchTests.swift; sourceTree = "<group>"; };
		C79E086C2AC3791A005F8CAA /* ContentViewiPad.swift */ = {isa = PBXFileReference; lastKnownFileType = sourcecode.swift; path = ContentViewiPad.swift; sourceTree = "<group>"; };
		C7BD20002AC77DA7004D036E /* landmarkData.json */ = {isa = PBXFileReference; fileEncoding = 4; lastKnownFileType = text.json; path = landmarkData.json; sourceTree = "<group>"; };
		C7BF999A2AD5E2820033F07A /* HexagonParameters.swift */ = {isa = PBXFileReference; lastKnownFileType = sourcecode.swift; path = HexagonParameters.swift; sourceTree = "<group>"; };
		C7BF999C2AD616DE0033F07A /* BadgeBackground.swift */ = {isa = PBXFileReference; lastKnownFileType = sourcecode.swift; path = BadgeBackground.swift; sourceTree = "<group>"; };
		C7C78B5A2AD3274A00574E7F /* FavoriteButton.swift */ = {isa = PBXFileReference; lastKnownFileType = sourcecode.swift; path = FavoriteButton.swift; sourceTree = "<group>"; };
		C7EA8BCD2AF447AA00AB2A5B /* LandmarkCommands.swift */ = {isa = PBXFileReference; lastKnownFileType = sourcecode.swift; path = LandmarkCommands.swift; sourceTree = "<group>"; };
		C7EA8BD02AF4A69300AB2A5B /* LandmarkSettings.swift */ = {isa = PBXFileReference; lastKnownFileType = sourcecode.swift; path = LandmarkSettings.swift; sourceTree = "<group>"; };
		C7FB16642ADF193E00D9C412 /* CategoryHome.swift */ = {isa = PBXFileReference; lastKnownFileType = sourcecode.swift; path = CategoryHome.swift; sourceTree = "<group>"; };
		C7FB16662ADF42BC00D9C412 /* CategoryRow.swift */ = {isa = PBXFileReference; lastKnownFileType = sourcecode.swift; path = CategoryRow.swift; sourceTree = "<group>"; };
		C7FB16682ADF469700D9C412 /* CategoryItem.swift */ = {isa = PBXFileReference; lastKnownFileType = sourcecode.swift; path = CategoryItem.swift; sourceTree = "<group>"; };
		C7FB166A2AE1C0CB00D9C412 /* Profile.swift */ = {isa = PBXFileReference; lastKnownFileType = sourcecode.swift; path = Profile.swift; sourceTree = "<group>"; };
		C7FB166D2AE1C21300D9C412 /* ProfileHost.swift */ = {isa = PBXFileReference; lastKnownFileType = sourcecode.swift; path = ProfileHost.swift; sourceTree = "<group>"; };
		C7FB166F2AE1C37400D9C412 /* ProfileSummary.swift */ = {isa = PBXFileReference; lastKnownFileType = sourcecode.swift; path = ProfileSummary.swift; sourceTree = "<group>"; };
/* End PBXFileReference section */

/* Begin PBXFrameworksBuildPhase section */
		C72DFEC72AF2ED33001B63E7 /* Frameworks */ = {
			isa = PBXFrameworksBuildPhase;
			buildActionMask = 2147483647;
			files = (
			);
			runOnlyForDeploymentPostprocessing = 0;
		};
		C72DFED72AF2ED35001B63E7 /* Frameworks */ = {
			isa = PBXFrameworksBuildPhase;
			buildActionMask = 2147483647;
			files = (
			);
			runOnlyForDeploymentPostprocessing = 0;
		};
		C72DFEE12AF2ED35001B63E7 /* Frameworks */ = {
			isa = PBXFrameworksBuildPhase;
			buildActionMask = 2147483647;
			files = (
			);
			runOnlyForDeploymentPostprocessing = 0;
		};
		C74CAF9E2AF0A81C00FC64AB /* Frameworks */ = {
			isa = PBXFrameworksBuildPhase;
			buildActionMask = 2147483647;
			files = (
			);
			runOnlyForDeploymentPostprocessing = 0;
		};
		C74CAFAD2AF0A81D00FC64AB /* Frameworks */ = {
			isa = PBXFrameworksBuildPhase;
			buildActionMask = 2147483647;
			files = (
			);
			runOnlyForDeploymentPostprocessing = 0;
		};
		C74CAFB72AF0A81D00FC64AB /* Frameworks */ = {
			isa = PBXFrameworksBuildPhase;
			buildActionMask = 2147483647;
			files = (
			);
			runOnlyForDeploymentPostprocessing = 0;
		};
		C79E083C2AC377F4005F8CAA /* Frameworks */ = {
			isa = PBXFrameworksBuildPhase;
			buildActionMask = 2147483647;
			files = (
			);
			runOnlyForDeploymentPostprocessing = 0;
		};
		C79E084C2AC377F7005F8CAA /* Frameworks */ = {
			isa = PBXFrameworksBuildPhase;
			buildActionMask = 2147483647;
			files = (
			);
			runOnlyForDeploymentPostprocessing = 0;
		};
		C79E08562AC377F7005F8CAA /* Frameworks */ = {
			isa = PBXFrameworksBuildPhase;
			buildActionMask = 2147483647;
			files = (
			);
			runOnlyForDeploymentPostprocessing = 0;
		};
/* End PBXFrameworksBuildPhase section */

/* Begin PBXGroup section */
		C72DFECB2AF2ED33001B63E7 /* MacLandmarks */ = {
			isa = PBXGroup;
			children = (
				C72DFECE2AF2ED33001B63E7 /* ContentView.swift */,
				C7EA8BCD2AF447AA00AB2A5B /* LandmarkCommands.swift */,
				C7EA8BD02AF4A69300AB2A5B /* LandmarkSettings.swift */,
				C72DFF022AF2F503001B63E7 /* LandmarkDetail.swift */,
				C72DFED02AF2ED35001B63E7 /* Assets.xcassets */,
				C72DFED52AF2ED35001B63E7 /* MacLandmarks.entitlements */,
				C72DFED22AF2ED35001B63E7 /* Preview Content */,
			);
			path = MacLandmarks;
			sourceTree = "<group>";
		};
		C72DFED22AF2ED35001B63E7 /* Preview Content */ = {
			isa = PBXGroup;
			children = (
				C72DFED32AF2ED35001B63E7 /* Preview Assets.xcassets */,
			);
			path = "Preview Content";
			sourceTree = "<group>";
		};
		C72DFEDD2AF2ED35001B63E7 /* MacLandmarksTests */ = {
			isa = PBXGroup;
			children = (
				C72DFEDE2AF2ED35001B63E7 /* MacLandmarksTests.swift */,
			);
			path = MacLandmarksTests;
			sourceTree = "<group>";
		};
		C72DFEE72AF2ED36001B63E7 /* MacLandmarksUITests */ = {
			isa = PBXGroup;
			children = (
				C72DFEE82AF2ED36001B63E7 /* MacLandmarksUITests.swift */,
				C72DFEEA2AF2ED36001B63E7 /* MacLandmarksUITestsLaunchTests.swift */,
			);
			path = MacLandmarksUITests;
			sourceTree = "<group>";
		};
		C74CAF942AEDAFD900FC64AB /* PageView */ = {
			isa = PBXGroup;
			children = (
				C74CAF952AEDAFF600FC64AB /* PageViewController.swift */,
				C74CAF972AEDBE1100FC64AB /* FeatureCard.swift */,
				C74CAF992AEDEDE000FC64AB /* PageView.swift */,
				C74CAF9B2AEE20DF00FC64AB /* PageControl.swift */,
			);
			path = PageView;
			sourceTree = "<group>";
		};
		C74CAFA22AF0A81C00FC64AB /* WatchLandmarks Watch App */ = {
			isa = PBXGroup;
			children = (
				C72DFEC42AF1A57B001B63E7 /* PushNotificationPayload.apns */,
				C74CAFA52AF0A81C00FC64AB /* ContentView.swift */,
				C72DFEC02AF19FFB001B63E7 /* NotificationView.swift */,
				C72DFEC22AF1A1A4001B63E7 /* NotificationController.swift */,
				C76EA0B72AF17128003B26A3 /* LandmarkDetail.swift */,
				C72DFF042AF3505C001B63E7 /* LandmarkList.swift */,
				C74CAFA72AF0A81D00FC64AB /* Assets.xcassets */,
				C74CAFA92AF0A81D00FC64AB /* Preview Content */,
			);
			path = "WatchLandmarks Watch App";
			sourceTree = "<group>";
		};
		C74CAFA92AF0A81D00FC64AB /* Preview Content */ = {
			isa = PBXGroup;
			children = (
				C74CAFAA2AF0A81D00FC64AB /* Preview Assets.xcassets */,
			);
			path = "Preview Content";
			sourceTree = "<group>";
		};
		C74CAFB32AF0A81D00FC64AB /* WatchLandmarks Watch AppTests */ = {
			isa = PBXGroup;
			children = (
				C74CAFB42AF0A81D00FC64AB /* WatchLandmarks_Watch_AppTests.swift */,
			);
			path = "WatchLandmarks Watch AppTests";
			sourceTree = "<group>";
		};
		C74CAFBD2AF0A81D00FC64AB /* WatchLandmarks Watch AppUITests */ = {
			isa = PBXGroup;
			children = (
				C74CAFBE2AF0A81D00FC64AB /* WatchLandmarks_Watch_AppUITests.swift */,
				C74CAFC02AF0A81D00FC64AB /* WatchLandmarks_Watch_AppUITestsLaunchTests.swift */,
			);
			path = "WatchLandmarks Watch AppUITests";
			sourceTree = "<group>";
		};
		C7513B532AD8775F00E498E2 /* Badge */ = {
			isa = PBXGroup;
			children = (
				C7BF999A2AD5E2820033F07A /* HexagonParameters.swift */,
				C7BF999C2AD616DE0033F07A /* BadgeBackground.swift */,
				C71240A72AD78537002A39A8 /* BadgeSymbol.swift */,
				C7513B4F2AD791E400E498E2 /* RotatedBadgeSymbol.swift */,
				C7513B512AD8723A00E498E2 /* Badge.swift */,
			);
			path = Badge;
			sourceTree = "<group>";
		};
		C7513B582AD8829600E498E2 /* Hikes */ = {
			isa = PBXGroup;
			children = (
				C7513B592AD8829600E498E2 /* GraphCapsule.swift */,
				C7513B5A2AD8829600E498E2 /* HikeGraph.swift */,
				C7513B5B2AD8829600E498E2 /* HikeDetail.swift */,
				C7513B5C2AD8829600E498E2 /* HikeView.swift */,
				C74CAF902AED4A0900FC64AB /* HikeBadge.swift */,
			);
			path = Hikes;
			sourceTree = "<group>";
		};
		C792AF4F2ACE0E1B00ADF7FC /* Views */ = {
			isa = PBXGroup;
			children = (
				C79E08442AC377F4005F8CAA /* ContentView.swift */,
				C79E086C2AC3791A005F8CAA /* ContentViewiPad.swift */,
				C74CAF942AEDAFD900FC64AB /* PageView */,
				C7FB166C2AE1C20100D9C412 /* Profiles */,
				C7FB16632ADF192B00D9C412 /* Categories */,
				C7513B582AD8829600E498E2 /* Hikes */,
				C7513B532AD8775F00E498E2 /* Badge */,
				C7C78B5D2AD329C000574E7F /* Helper */,
				C7C78B5C2AD3299B00574E7F /* Landmark */,
			);
			path = Views;
			sourceTree = "<group>";
		};
		C792AF502ACE0E3800ADF7FC /* Model */ = {
			isa = PBXGroup;
			children = (
				C792AF4D2ACE0C0100ADF7FC /* ModelData.swift */,
				C792AF4B2ACE085B00ADF7FC /* Landmark.swift */,
				C7513B562AD87E7800E498E2 /* Hike.swift */,
				C7FB166A2AE1C0CB00D9C412 /* Profile.swift */,
			);
			path = Model;
			sourceTree = "<group>";
		};
		C79E08362AC377F4005F8CAA = {
			isa = PBXGroup;
			children = (
				C79E08412AC377F4005F8CAA /* SwiftUI_Tutorial_Project_ */,
				C79E08522AC377F7005F8CAA /* SwiftUI_Tutorial_Project_Tests */,
				C79E085C2AC377F7005F8CAA /* SwiftUI_Tutorial_Project_UITests */,
				C74CAFA22AF0A81C00FC64AB /* WatchLandmarks Watch App */,
				C74CAFB32AF0A81D00FC64AB /* WatchLandmarks Watch AppTests */,
				C74CAFBD2AF0A81D00FC64AB /* WatchLandmarks Watch AppUITests */,
				C72DFECB2AF2ED33001B63E7 /* MacLandmarks */,
				C72DFEDD2AF2ED35001B63E7 /* MacLandmarksTests */,
				C72DFEE72AF2ED36001B63E7 /* MacLandmarksUITests */,
				C79E08402AC377F4005F8CAA /* Products */,
			);
			sourceTree = "<group>";
		};
		C79E08402AC377F4005F8CAA /* Products */ = {
			isa = PBXGroup;
			children = (
				C79E083F2AC377F4005F8CAA /* SwiftUI_Tutorial_Project_LandMarks.app */,
				C79E084F2AC377F7005F8CAA /* SwiftUI_Tutorial_Project_LandMarksTests.xctest */,
				C79E08592AC377F7005F8CAA /* SwiftUI_Tutorial_Project_LandMarksUITests.xctest */,
				C74CAFA12AF0A81C00FC64AB /* WatchLandmarks Watch App.app */,
				C74CAFB02AF0A81D00FC64AB /* WatchLandmarks Watch AppTests.xctest */,
				C74CAFBA2AF0A81D00FC64AB /* WatchLandmarks Watch AppUITests.xctest */,
				C72DFECA2AF2ED33001B63E7 /* MacLandmarks.app */,
				C72DFEDA2AF2ED35001B63E7 /* MacLandmarksTests.xctest */,
				C72DFEE42AF2ED35001B63E7 /* MacLandmarksUITests.xctest */,
			);
			name = Products;
			sourceTree = "<group>";
		};
		C79E08412AC377F4005F8CAA /* SwiftUI_Tutorial_Project_ */ = {
			isa = PBXGroup;
			children = (
				C7BD1FFF2AC77D95004D036E /* Resources */,
				C79E08422AC377F4005F8CAA /* SwiftUI_Tutorial_Project_App.swift */,
				C792AF4F2ACE0E1B00ADF7FC /* Views */,
				C792AF502ACE0E3800ADF7FC /* Model */,
				C79E08462AC377F6005F8CAA /* Assets.xcassets */,
				C79E08482AC377F6005F8CAA /* Preview Content */,
			);
			path = SwiftUI_Tutorial_Project_;
			sourceTree = "<group>";
		};
		C79E08482AC377F6005F8CAA /* Preview Content */ = {
			isa = PBXGroup;
			children = (
				C79E08492AC377F6005F8CAA /* Preview Assets.xcassets */,
			);
			path = "Preview Content";
			sourceTree = "<group>";
		};
		C79E08522AC377F7005F8CAA /* SwiftUI_Tutorial_Project_Tests */ = {
			isa = PBXGroup;
			children = (
				C79E08532AC377F7005F8CAA /* SwiftUI_Tutorial_Project_Tests.swift */,
			);
			path = SwiftUI_Tutorial_Project_Tests;
			sourceTree = "<group>";
		};
		C79E085C2AC377F7005F8CAA /* SwiftUI_Tutorial_Project_UITests */ = {
			isa = PBXGroup;
			children = (
				C79E085D2AC377F7005F8CAA /* SwiftUI_Tutorial_Project_UITests.swift */,
				C79E085F2AC377F7005F8CAA /* SwiftUI_Tutorial_Project_UITestsLaunchTests.swift */,
			);
			path = SwiftUI_Tutorial_Project_UITests;
			sourceTree = "<group>";
		};
		C7BD1FFF2AC77D95004D036E /* Resources */ = {
			isa = PBXGroup;
			children = (
				C7BD20002AC77DA7004D036E /* landmarkData.json */,
				C7513B542AD87C9700E498E2 /* hikeData.json */,
			);
			path = Resources;
			sourceTree = "<group>";
		};
		C7C78B5C2AD3299B00574E7F /* Landmark */ = {
			isa = PBXGroup;
			children = (
				C792AF512ACE0EFF00ADF7FC /* LandmarkRow.swift */,
				C766A5A62ACEF8F900F6D2D3 /* LandmarkList.swift */,
				C766A5A82ACEFC0E00F6D2D3 /* LandmarkDetail.swift */,
			);
			path = Landmark;
			sourceTree = "<group>";
		};
		C7C78B5D2AD329C000574E7F /* Helper */ = {
			isa = PBXGroup;
			children = (
				C71EBA0A2AC382C20028822D /* CircleView.swift */,
				C71EBA0C2AC3877D0028822D /* MapView.swift */,
				C7C78B5A2AD3274A00574E7F /* FavoriteButton.swift */,
			);
			path = Helper;
			sourceTree = "<group>";
		};
		C7FB16632ADF192B00D9C412 /* Categories */ = {
			isa = PBXGroup;
			children = (
				C7FB16642ADF193E00D9C412 /* CategoryHome.swift */,
				C7FB16662ADF42BC00D9C412 /* CategoryRow.swift */,
				C7FB16682ADF469700D9C412 /* CategoryItem.swift */,
			);
			path = Categories;
			sourceTree = "<group>";
		};
		C7FB166C2AE1C20100D9C412 /* Profiles */ = {
			isa = PBXGroup;
			children = (
				C7FB166D2AE1C21300D9C412 /* ProfileHost.swift */,
				C7FB166F2AE1C37400D9C412 /* ProfileSummary.swift */,
				C74CAF922AED92B400FC64AB /* ProfileEditor.swift */,
			);
			path = Profiles;
			sourceTree = "<group>";
		};
/* End PBXGroup section */

/* Begin PBXNativeTarget section */
		C72DFEC92AF2ED33001B63E7 /* MacLandmarks */ = {
			isa = PBXNativeTarget;
			buildConfigurationList = C72DFEEC2AF2ED36001B63E7 /* Build configuration list for PBXNativeTarget "MacLandmarks" */;
			buildPhases = (
				C72DFEC62AF2ED33001B63E7 /* Sources */,
				C72DFEC72AF2ED33001B63E7 /* Frameworks */,
				C72DFEC82AF2ED33001B63E7 /* Resources */,
			);
			buildRules = (
			);
			dependencies = (
			);
			name = MacLandmarks;
			productName = MacLandmarks;
			productReference = C72DFECA2AF2ED33001B63E7 /* MacLandmarks.app */;
			productType = "com.apple.product-type.application";
		};
		C72DFED92AF2ED35001B63E7 /* MacLandmarksTests */ = {
			isa = PBXNativeTarget;
			buildConfigurationList = C72DFEEF2AF2ED36001B63E7 /* Build configuration list for PBXNativeTarget "MacLandmarksTests" */;
			buildPhases = (
				C72DFED62AF2ED35001B63E7 /* Sources */,
				C72DFED72AF2ED35001B63E7 /* Frameworks */,
				C72DFED82AF2ED35001B63E7 /* Resources */,
			);
			buildRules = (
			);
			dependencies = (
				C72DFEDC2AF2ED35001B63E7 /* PBXTargetDependency */,
			);
			name = MacLandmarksTests;
			productName = MacLandmarksTests;
			productReference = C72DFEDA2AF2ED35001B63E7 /* MacLandmarksTests.xctest */;
			productType = "com.apple.product-type.bundle.unit-test";
		};
		C72DFEE32AF2ED35001B63E7 /* MacLandmarksUITests */ = {
			isa = PBXNativeTarget;
			buildConfigurationList = C72DFEF22AF2ED36001B63E7 /* Build configuration list for PBXNativeTarget "MacLandmarksUITests" */;
			buildPhases = (
				C72DFEE02AF2ED35001B63E7 /* Sources */,
				C72DFEE12AF2ED35001B63E7 /* Frameworks */,
				C72DFEE22AF2ED35001B63E7 /* Resources */,
			);
			buildRules = (
			);
			dependencies = (
				C72DFEE62AF2ED36001B63E7 /* PBXTargetDependency */,
			);
			name = MacLandmarksUITests;
			productName = MacLandmarksUITests;
			productReference = C72DFEE42AF2ED35001B63E7 /* MacLandmarksUITests.xctest */;
			productType = "com.apple.product-type.bundle.ui-testing";
		};
		C74CAFA02AF0A81C00FC64AB /* WatchLandmarks Watch App */ = {
			isa = PBXNativeTarget;
			buildConfigurationList = C74CAFC52AF0A81D00FC64AB /* Build configuration list for PBXNativeTarget "WatchLandmarks Watch App" */;
			buildPhases = (
				C74CAF9D2AF0A81C00FC64AB /* Sources */,
				C74CAF9E2AF0A81C00FC64AB /* Frameworks */,
				C74CAF9F2AF0A81C00FC64AB /* Resources */,
			);
			buildRules = (
			);
			dependencies = (
			);
			name = "WatchLandmarks Watch App";
			productName = "WatchLandmarks Watch App";
			productReference = C74CAFA12AF0A81C00FC64AB /* WatchLandmarks Watch App.app */;
			productType = "com.apple.product-type.application";
		};
		C74CAFAF2AF0A81D00FC64AB /* WatchLandmarks Watch AppTests */ = {
			isa = PBXNativeTarget;
			buildConfigurationList = C74CAFC92AF0A81D00FC64AB /* Build configuration list for PBXNativeTarget "WatchLandmarks Watch AppTests" */;
			buildPhases = (
				C74CAFAC2AF0A81D00FC64AB /* Sources */,
				C74CAFAD2AF0A81D00FC64AB /* Frameworks */,
				C74CAFAE2AF0A81D00FC64AB /* Resources */,
			);
			buildRules = (
			);
			dependencies = (
				C74CAFB22AF0A81D00FC64AB /* PBXTargetDependency */,
			);
			name = "WatchLandmarks Watch AppTests";
			productName = "WatchLandmarks Watch AppTests";
			productReference = C74CAFB02AF0A81D00FC64AB /* WatchLandmarks Watch AppTests.xctest */;
			productType = "com.apple.product-type.bundle.unit-test";
		};
		C74CAFB92AF0A81D00FC64AB /* WatchLandmarks Watch AppUITests */ = {
			isa = PBXNativeTarget;
			buildConfigurationList = C74CAFCC2AF0A81D00FC64AB /* Build configuration list for PBXNativeTarget "WatchLandmarks Watch AppUITests" */;
			buildPhases = (
				C74CAFB62AF0A81D00FC64AB /* Sources */,
				C74CAFB72AF0A81D00FC64AB /* Frameworks */,
				C74CAFB82AF0A81D00FC64AB /* Resources */,
			);
			buildRules = (
			);
			dependencies = (
				C74CAFBC2AF0A81D00FC64AB /* PBXTargetDependency */,
			);
			name = "WatchLandmarks Watch AppUITests";
			productName = "WatchLandmarks Watch AppUITests";
			productReference = C74CAFBA2AF0A81D00FC64AB /* WatchLandmarks Watch AppUITests.xctest */;
			productType = "com.apple.product-type.bundle.ui-testing";
		};
		C79E083E2AC377F4005F8CAA /* SwiftUI_Tutorial_Project_LandMarks */ = {
			isa = PBXNativeTarget;
			buildConfigurationList = C79E08632AC377F7005F8CAA /* Build configuration list for PBXNativeTarget "SwiftUI_Tutorial_Project_LandMarks" */;
			buildPhases = (
				C79E083B2AC377F4005F8CAA /* Sources */,
				C79E083C2AC377F4005F8CAA /* Frameworks */,
				C79E083D2AC377F4005F8CAA /* Resources */,
				C74CAFC82AF0A81D00FC64AB /* Embed Watch Content */,
			);
			buildRules = (
			);
			dependencies = (
				C74CAFC32AF0A81D00FC64AB /* PBXTargetDependency */,
			);
			name = SwiftUI_Tutorial_Project_LandMarks;
			productName = SwiftUI_Tutorial_Project_;
			productReference = C79E083F2AC377F4005F8CAA /* SwiftUI_Tutorial_Project_LandMarks.app */;
			productType = "com.apple.product-type.application";
		};
		C79E084E2AC377F7005F8CAA /* SwiftUI_Tutorial_Project_LandMarksTests */ = {
			isa = PBXNativeTarget;
			buildConfigurationList = C79E08662AC377F7005F8CAA /* Build configuration list for PBXNativeTarget "SwiftUI_Tutorial_Project_LandMarksTests" */;
			buildPhases = (
				C79E084B2AC377F7005F8CAA /* Sources */,
				C79E084C2AC377F7005F8CAA /* Frameworks */,
				C79E084D2AC377F7005F8CAA /* Resources */,
			);
			buildRules = (
			);
			dependencies = (
				C79E08512AC377F7005F8CAA /* PBXTargetDependency */,
			);
			name = SwiftUI_Tutorial_Project_LandMarksTests;
			productName = SwiftUI_Tutorial_Project_Tests;
			productReference = C79E084F2AC377F7005F8CAA /* SwiftUI_Tutorial_Project_LandMarksTests.xctest */;
			productType = "com.apple.product-type.bundle.unit-test";
		};
		C79E08582AC377F7005F8CAA /* SwiftUI_Tutorial_Project_LandMarksUITests */ = {
			isa = PBXNativeTarget;
			buildConfigurationList = C79E08692AC377F7005F8CAA /* Build configuration list for PBXNativeTarget "SwiftUI_Tutorial_Project_LandMarksUITests" */;
			buildPhases = (
				C79E08552AC377F7005F8CAA /* Sources */,
				C79E08562AC377F7005F8CAA /* Frameworks */,
				C79E08572AC377F7005F8CAA /* Resources */,
			);
			buildRules = (
			);
			dependencies = (
				C79E085B2AC377F7005F8CAA /* PBXTargetDependency */,
			);
			name = SwiftUI_Tutorial_Project_LandMarksUITests;
			productName = SwiftUI_Tutorial_Project_UITests;
			productReference = C79E08592AC377F7005F8CAA /* SwiftUI_Tutorial_Project_LandMarksUITests.xctest */;
			productType = "com.apple.product-type.bundle.ui-testing";
		};
/* End PBXNativeTarget section */

/* Begin PBXProject section */
		C79E08372AC377F4005F8CAA /* Project object */ = {
			isa = PBXProject;
			attributes = {
				BuildIndependentTargetsInParallel = 1;
				LastSwiftUpdateCheck = 1500;
				LastUpgradeCheck = 1500;
				TargetAttributes = {
					C72DFEC92AF2ED33001B63E7 = {
						CreatedOnToolsVersion = 15.0.1;
					};
					C72DFED92AF2ED35001B63E7 = {
						CreatedOnToolsVersion = 15.0.1;
						TestTargetID = C72DFEC92AF2ED33001B63E7;
					};
					C72DFEE32AF2ED35001B63E7 = {
						CreatedOnToolsVersion = 15.0.1;
						TestTargetID = C72DFEC92AF2ED33001B63E7;
					};
					C74CAFA02AF0A81C00FC64AB = {
						CreatedOnToolsVersion = 15.0;
					};
					C74CAFAF2AF0A81D00FC64AB = {
						CreatedOnToolsVersion = 15.0;
						TestTargetID = C74CAFA02AF0A81C00FC64AB;
					};
					C74CAFB92AF0A81D00FC64AB = {
						CreatedOnToolsVersion = 15.0;
						TestTargetID = C74CAFA02AF0A81C00FC64AB;
					};
					C79E083E2AC377F4005F8CAA = {
						CreatedOnToolsVersion = 15.0;
					};
					C79E084E2AC377F7005F8CAA = {
						CreatedOnToolsVersion = 15.0;
						TestTargetID = C79E083E2AC377F4005F8CAA;
					};
					C79E08582AC377F7005F8CAA = {
						CreatedOnToolsVersion = 15.0;
						TestTargetID = C79E083E2AC377F4005F8CAA;
					};
				};
			};
			buildConfigurationList = C79E083A2AC377F4005F8CAA /* Build configuration list for PBXProject "SwiftUI_Tutorial_Project_LandMarks" */;
			compatibilityVersion = "Xcode 14.0";
			developmentRegion = en;
			hasScannedForEncodings = 0;
			knownRegions = (
				en,
				Base,
			);
			mainGroup = C79E08362AC377F4005F8CAA;
			productRefGroup = C79E08402AC377F4005F8CAA /* Products */;
			projectDirPath = "";
			projectRoot = "";
			targets = (
				C79E083E2AC377F4005F8CAA /* SwiftUI_Tutorial_Project_LandMarks */,
				C79E084E2AC377F7005F8CAA /* SwiftUI_Tutorial_Project_LandMarksTests */,
				C79E08582AC377F7005F8CAA /* SwiftUI_Tutorial_Project_LandMarksUITests */,
				C74CAFA02AF0A81C00FC64AB /* WatchLandmarks Watch App */,
				C74CAFAF2AF0A81D00FC64AB /* WatchLandmarks Watch AppTests */,
				C74CAFB92AF0A81D00FC64AB /* WatchLandmarks Watch AppUITests */,
				C72DFEC92AF2ED33001B63E7 /* MacLandmarks */,
				C72DFED92AF2ED35001B63E7 /* MacLandmarksTests */,
				C72DFEE32AF2ED35001B63E7 /* MacLandmarksUITests */,
			);
		};
/* End PBXProject section */

/* Begin PBXResourcesBuildPhase section */
		C72DFEC82AF2ED33001B63E7 /* Resources */ = {
			isa = PBXResourcesBuildPhase;
			buildActionMask = 2147483647;
			files = (
				C72DFED42AF2ED35001B63E7 /* Preview Assets.xcassets in Resources */,
				C72DFEFD2AF2EDFB001B63E7 /* landmarkData.json in Resources */,
				C72DFEF52AF2EDFB001B63E7 /* hikeData.json in Resources */,
				C72DFED12AF2ED35001B63E7 /* Assets.xcassets in Resources */,
				C72DFF012AF2EDFB001B63E7 /* Assets.xcassets in Resources */,
			);
			runOnlyForDeploymentPostprocessing = 0;
		};
		C72DFED82AF2ED35001B63E7 /* Resources */ = {
			isa = PBXResourcesBuildPhase;
			buildActionMask = 2147483647;
			files = (
			);
			runOnlyForDeploymentPostprocessing = 0;
		};
		C72DFEE22AF2ED35001B63E7 /* Resources */ = {
			isa = PBXResourcesBuildPhase;
			buildActionMask = 2147483647;
			files = (
			);
			runOnlyForDeploymentPostprocessing = 0;
		};
		C74CAF9F2AF0A81C00FC64AB /* Resources */ = {
			isa = PBXResourcesBuildPhase;
			buildActionMask = 2147483647;
			files = (
				C76EA0B22AF168AA003B26A3 /* hikeData.json in Resources */,
				C74CAFAB2AF0A81D00FC64AB /* Preview Assets.xcassets in Resources */,
				C74CAFA82AF0A81D00FC64AB /* Assets.xcassets in Resources */,
				C76EA0B12AF168AA003B26A3 /* landmarkData.json in Resources */,
				C72DFEBE2AF18190001B63E7 /* Assets.xcassets in Resources */,
				C72DFEC52AF1A57B001B63E7 /* PushNotificationPayload.apns in Resources */,
			);
			runOnlyForDeploymentPostprocessing = 0;
		};
		C74CAFAE2AF0A81D00FC64AB /* Resources */ = {
			isa = PBXResourcesBuildPhase;
			buildActionMask = 2147483647;
			files = (
			);
			runOnlyForDeploymentPostprocessing = 0;
		};
		C74CAFB82AF0A81D00FC64AB /* Resources */ = {
			isa = PBXResourcesBuildPhase;
			buildActionMask = 2147483647;
			files = (
			);
			runOnlyForDeploymentPostprocessing = 0;
		};
		C79E083D2AC377F4005F8CAA /* Resources */ = {
			isa = PBXResourcesBuildPhase;
			buildActionMask = 2147483647;
			files = (
				C7513B552AD87C9700E498E2 /* hikeData.json in Resources */,
				C79E084A2AC377F6005F8CAA /* Preview Assets.xcassets in Resources */,
				C79E08472AC377F6005F8CAA /* Assets.xcassets in Resources */,
				C7BD20012AC77DA7004D036E /* landmarkData.json in Resources */,
			);
			runOnlyForDeploymentPostprocessing = 0;
		};
		C79E084D2AC377F7005F8CAA /* Resources */ = {
			isa = PBXResourcesBuildPhase;
			buildActionMask = 2147483647;
			files = (
			);
			runOnlyForDeploymentPostprocessing = 0;
		};
		C79E08572AC377F7005F8CAA /* Resources */ = {
			isa = PBXResourcesBuildPhase;
			buildActionMask = 2147483647;
			files = (
			);
			runOnlyForDeploymentPostprocessing = 0;
		};
/* End PBXResourcesBuildPhase section */

/* Begin PBXSourcesBuildPhase section */
		C72DFEC62AF2ED33001B63E7 /* Sources */ = {
			isa = PBXSourcesBuildPhase;
			buildActionMask = 2147483647;
			files = (
				C72DFEFA2AF2EDFB001B63E7 /* Hike.swift in Sources */,
				C72DFEF72AF2EDFB001B63E7 /* FavoriteButton.swift in Sources */,
				C7EA8BD22AF4A69300AB2A5B /* LandmarkSettings.swift in Sources */,
				C72DFECF2AF2ED33001B63E7 /* ContentView.swift in Sources */,
				C72DFEF92AF2EDFB001B63E7 /* MapView.swift in Sources */,
				C7EA8BCF2AF447AA00AB2A5B /* LandmarkCommands.swift in Sources */,
				C72DFF032AF2F503001B63E7 /* LandmarkDetail.swift in Sources */,
				C72DFF002AF2EDFB001B63E7 /* SwiftUI_Tutorial_Project_App.swift in Sources */,
				C72DFEF82AF2EDFB001B63E7 /* LandmarkRow.swift in Sources */,
				C72DFEFC2AF2EDFB001B63E7 /* ModelData.swift in Sources */,
				C72DFEFB2AF2EDFB001B63E7 /* CircleView.swift in Sources */,
				C72DFEFE2AF2EDFB001B63E7 /* Profile.swift in Sources */,
				C72DFEF62AF2EDFB001B63E7 /* LandmarkList.swift in Sources */,
				C72DFEFF2AF2EDFB001B63E7 /* Landmark.swift in Sources */,
			);
			runOnlyForDeploymentPostprocessing = 0;
		};
		C72DFED62AF2ED35001B63E7 /* Sources */ = {
			isa = PBXSourcesBuildPhase;
			buildActionMask = 2147483647;
			files = (
				C72DFEDF2AF2ED35001B63E7 /* MacLandmarksTests.swift in Sources */,
			);
			runOnlyForDeploymentPostprocessing = 0;
		};
		C72DFEE02AF2ED35001B63E7 /* Sources */ = {
			isa = PBXSourcesBuildPhase;
			buildActionMask = 2147483647;
			files = (
				C72DFEEB2AF2ED36001B63E7 /* MacLandmarksUITestsLaunchTests.swift in Sources */,
				C72DFEE92AF2ED36001B63E7 /* MacLandmarksUITests.swift in Sources */,
			);
			runOnlyForDeploymentPostprocessing = 0;
		};
		C74CAF9D2AF0A81C00FC64AB /* Sources */ = {
			isa = PBXSourcesBuildPhase;
			buildActionMask = 2147483647;
			files = (
				C76EA0AF2AF168AA003B26A3 /* CircleView.swift in Sources */,
				C74CAFA62AF0A81C00FC64AB /* ContentView.swift in Sources */,
				C76EA0AD2AF168AA003B26A3 /* Profile.swift in Sources */,
				C72DFF062AF3507E001B63E7 /* LandmarkList.swift in Sources */,
				C72DFEC12AF19FFB001B63E7 /* NotificationView.swift in Sources */,
				C76EA0B02AF168AA003B26A3 /* Hike.swift in Sources */,
				C76EA0B92AF17315003B26A3 /* ContentViewiPad.swift in Sources */,
				C76EA0BA2AF174C2003B26A3 /* SwiftUI_Tutorial_Project_App.swift in Sources */,
				C76EA0AE2AF168AA003B26A3 /* ModelData.swift in Sources */,
				C76EA0B52AF168AA003B26A3 /* MapView.swift in Sources */,
				C72DFEC32AF1A1A4001B63E7 /* NotificationController.swift in Sources */,
				C76EA0B62AF168AA003B26A3 /* LandmarkRow.swift in Sources */,
				C76EA0AB2AF168AA003B26A3 /* Landmark.swift in Sources */,
				C76EA0B82AF17128003B26A3 /* LandmarkDetail.swift in Sources */,
			);
			runOnlyForDeploymentPostprocessing = 0;
		};
		C74CAFAC2AF0A81D00FC64AB /* Sources */ = {
			isa = PBXSourcesBuildPhase;
			buildActionMask = 2147483647;
			files = (
				C74CAFB52AF0A81D00FC64AB /* WatchLandmarks_Watch_AppTests.swift in Sources */,
			);
			runOnlyForDeploymentPostprocessing = 0;
		};
		C74CAFB62AF0A81D00FC64AB /* Sources */ = {
			isa = PBXSourcesBuildPhase;
			buildActionMask = 2147483647;
			files = (
				C74CAFC12AF0A81D00FC64AB /* WatchLandmarks_Watch_AppUITestsLaunchTests.swift in Sources */,
				C74CAFBF2AF0A81D00FC64AB /* WatchLandmarks_Watch_AppUITests.swift in Sources */,
			);
			runOnlyForDeploymentPostprocessing = 0;
		};
		C79E083B2AC377F4005F8CAA /* Sources */ = {
			isa = PBXSourcesBuildPhase;
			buildActionMask = 2147483647;
			files = (
				C7513B572AD87E7800E498E2 /* Hike.swift in Sources */,
				C74CAF9A2AEDEDE000FC64AB /* PageView.swift in Sources */,
				C7BF999B2AD5E2820033F07A /* HexagonParameters.swift in Sources */,
				C71EBA0B2AC382C20028822D /* CircleView.swift in Sources */,
				C79E08452AC377F4005F8CAA /* ContentView.swift in Sources */,
				C7FB16652ADF193E00D9C412 /* CategoryHome.swift in Sources */,
				C7FB166E2AE1C21300D9C412 /* ProfileHost.swift in Sources */,
				C74CAF912AED4A0900FC64AB /* HikeBadge.swift in Sources */,
				C74CAF9C2AEE20DF00FC64AB /* PageControl.swift in Sources */,
				C7513B5E2AD8829600E498E2 /* HikeGraph.swift in Sources */,
				C7FB16672ADF42BC00D9C412 /* CategoryRow.swift in Sources */,
				C71EBA0D2AC3877D0028822D /* MapView.swift in Sources */,
				C74CAF982AEDBE1100FC64AB /* FeatureCard.swift in Sources */,
				C79E086D2AC3791A005F8CAA /* ContentViewiPad.swift in Sources */,
				C766A5A72ACEF8F900F6D2D3 /* LandmarkList.swift in Sources */,
				C7FB16702AE1C37400D9C412 /* ProfileSummary.swift in Sources */,
				C74CAF932AED92B400FC64AB /* ProfileEditor.swift in Sources */,
				C7FB16692ADF469700D9C412 /* CategoryItem.swift in Sources */,
				C79E08432AC377F4005F8CAA /* SwiftUI_Tutorial_Project_App.swift in Sources */,
				C7EA8BCE2AF447AA00AB2A5B /* LandmarkCommands.swift in Sources */,
				C71240A82AD78537002A39A8 /* BadgeSymbol.swift in Sources */,
				C7513B502AD791E400E498E2 /* RotatedBadgeSymbol.swift in Sources */,
				C7513B522AD8723A00E498E2 /* Badge.swift in Sources */,
				C792AF4C2ACE085B00ADF7FC /* Landmark.swift in Sources */,
				C7FB166B2AE1C0CB00D9C412 /* Profile.swift in Sources */,
				C74CAF962AEDAFF600FC64AB /* PageViewController.swift in Sources */,
				C7BF999D2AD616DE0033F07A /* BadgeBackground.swift in Sources */,
				C792AF522ACE0EFF00ADF7FC /* LandmarkRow.swift in Sources */,
				C7513B5D2AD8829600E498E2 /* GraphCapsule.swift in Sources */,
				C7513B602AD8829600E498E2 /* HikeView.swift in Sources */,
				C766A5A92ACEFC0E00F6D2D3 /* LandmarkDetail.swift in Sources */,
				C7C78B5B2AD3274A00574E7F /* FavoriteButton.swift in Sources */,
				C792AF4E2ACE0C0100ADF7FC /* ModelData.swift in Sources */,
				C7513B5F2AD8829600E498E2 /* HikeDetail.swift in Sources */,
			);
			runOnlyForDeploymentPostprocessing = 0;
		};
		C79E084B2AC377F7005F8CAA /* Sources */ = {
			isa = PBXSourcesBuildPhase;
			buildActionMask = 2147483647;
			files = (
				C79E08542AC377F7005F8CAA /* SwiftUI_Tutorial_Project_Tests.swift in Sources */,
			);
			runOnlyForDeploymentPostprocessing = 0;
		};
		C79E08552AC377F7005F8CAA /* Sources */ = {
			isa = PBXSourcesBuildPhase;
			buildActionMask = 2147483647;
			files = (
				C79E08602AC377F7005F8CAA /* SwiftUI_Tutorial_Project_UITestsLaunchTests.swift in Sources */,
				C79E085E2AC377F7005F8CAA /* SwiftUI_Tutorial_Project_UITests.swift in Sources */,
			);
			runOnlyForDeploymentPostprocessing = 0;
		};
/* End PBXSourcesBuildPhase section */

/* Begin PBXTargetDependency section */
		C72DFEDC2AF2ED35001B63E7 /* PBXTargetDependency */ = {
			isa = PBXTargetDependency;
			target = C72DFEC92AF2ED33001B63E7 /* MacLandmarks */;
			targetProxy = C72DFEDB2AF2ED35001B63E7 /* PBXContainerItemProxy */;
		};
		C72DFEE62AF2ED36001B63E7 /* PBXTargetDependency */ = {
			isa = PBXTargetDependency;
			target = C72DFEC92AF2ED33001B63E7 /* MacLandmarks */;
			targetProxy = C72DFEE52AF2ED36001B63E7 /* PBXContainerItemProxy */;
		};
		C74CAFB22AF0A81D00FC64AB /* PBXTargetDependency */ = {
			isa = PBXTargetDependency;
			target = C74CAFA02AF0A81C00FC64AB /* WatchLandmarks Watch App */;
			targetProxy = C74CAFB12AF0A81D00FC64AB /* PBXContainerItemProxy */;
		};
		C74CAFBC2AF0A81D00FC64AB /* PBXTargetDependency */ = {
			isa = PBXTargetDependency;
			target = C74CAFA02AF0A81C00FC64AB /* WatchLandmarks Watch App */;
			targetProxy = C74CAFBB2AF0A81D00FC64AB /* PBXContainerItemProxy */;
		};
		C74CAFC32AF0A81D00FC64AB /* PBXTargetDependency */ = {
			isa = PBXTargetDependency;
			target = C74CAFA02AF0A81C00FC64AB /* WatchLandmarks Watch App */;
			targetProxy = C74CAFC22AF0A81D00FC64AB /* PBXContainerItemProxy */;
		};
		C79E08512AC377F7005F8CAA /* PBXTargetDependency */ = {
			isa = PBXTargetDependency;
			target = C79E083E2AC377F4005F8CAA /* SwiftUI_Tutorial_Project_LandMarks */;
			targetProxy = C79E08502AC377F7005F8CAA /* PBXContainerItemProxy */;
		};
		C79E085B2AC377F7005F8CAA /* PBXTargetDependency */ = {
			isa = PBXTargetDependency;
			target = C79E083E2AC377F4005F8CAA /* SwiftUI_Tutorial_Project_LandMarks */;
			targetProxy = C79E085A2AC377F7005F8CAA /* PBXContainerItemProxy */;
		};
/* End PBXTargetDependency section */

/* Begin XCBuildConfiguration section */
		C72DFEED2AF2ED36001B63E7 /* Debug */ = {
			isa = XCBuildConfiguration;
			buildSettings = {
				ASSETCATALOG_COMPILER_APPICON_NAME = AppIcon;
				ASSETCATALOG_COMPILER_GLOBAL_ACCENT_COLOR_NAME = AccentColor;
				CODE_SIGN_ENTITLEMENTS = MacLandmarks/MacLandmarks.entitlements;
				CODE_SIGN_STYLE = Automatic;
				COMBINE_HIDPI_IMAGES = YES;
				CURRENT_PROJECT_VERSION = 1;
				DEVELOPMENT_ASSET_PATHS = "\"MacLandmarks/Preview Content\"";
				DEVELOPMENT_TEAM = RVRQ2REBGZ;
				ENABLE_HARDENED_RUNTIME = YES;
				ENABLE_PREVIEWS = YES;
				GENERATE_INFOPLIST_FILE = YES;
				INFOPLIST_KEY_NSHumanReadableCopyright = "";
				LD_RUNPATH_SEARCH_PATHS = (
					"$(inherited)",
					"@executable_path/../Frameworks",
				);
				MACOSX_DEPLOYMENT_TARGET = 14.0;
				MARKETING_VERSION = 1.0;
				PRODUCT_BUNDLE_IDENTIFIER = com.credetechnologies.SaaSHH.MacLandmarks;
				PRODUCT_NAME = "$(TARGET_NAME)";
				SDKROOT = macosx;
				SWIFT_EMIT_LOC_STRINGS = YES;
				SWIFT_VERSION = 5.0;
			};
			name = Debug;
		};
		C72DFEEE2AF2ED36001B63E7 /* Release */ = {
			isa = XCBuildConfiguration;
			buildSettings = {
				ASSETCATALOG_COMPILER_APPICON_NAME = AppIcon;
				ASSETCATALOG_COMPILER_GLOBAL_ACCENT_COLOR_NAME = AccentColor;
				CODE_SIGN_ENTITLEMENTS = MacLandmarks/MacLandmarks.entitlements;
				CODE_SIGN_STYLE = Automatic;
				COMBINE_HIDPI_IMAGES = YES;
				CURRENT_PROJECT_VERSION = 1;
				DEVELOPMENT_ASSET_PATHS = "\"MacLandmarks/Preview Content\"";
				DEVELOPMENT_TEAM = RVRQ2REBGZ;
				ENABLE_HARDENED_RUNTIME = YES;
				ENABLE_PREVIEWS = YES;
				GENERATE_INFOPLIST_FILE = YES;
				INFOPLIST_KEY_NSHumanReadableCopyright = "";
				LD_RUNPATH_SEARCH_PATHS = (
					"$(inherited)",
					"@executable_path/../Frameworks",
				);
				MACOSX_DEPLOYMENT_TARGET = 14.0;
				MARKETING_VERSION = 1.0;
				PRODUCT_BUNDLE_IDENTIFIER = com.credetechnologies.SaaSHH.MacLandmarks;
				PRODUCT_NAME = "$(TARGET_NAME)";
				SDKROOT = macosx;
				SWIFT_EMIT_LOC_STRINGS = YES;
				SWIFT_VERSION = 5.0;
			};
			name = Release;
		};
		C72DFEF02AF2ED36001B63E7 /* Debug */ = {
			isa = XCBuildConfiguration;
			buildSettings = {
				ALWAYS_EMBED_SWIFT_STANDARD_LIBRARIES = YES;
				BUNDLE_LOADER = "$(TEST_HOST)";
				CODE_SIGN_STYLE = Automatic;
				CURRENT_PROJECT_VERSION = 1;
				DEVELOPMENT_TEAM = RVRQ2REBGZ;
				GENERATE_INFOPLIST_FILE = YES;
				MACOSX_DEPLOYMENT_TARGET = 14.0;
				MARKETING_VERSION = 1.0;
				PRODUCT_BUNDLE_IDENTIFIER = com.credetechnologies.SaaSHH.MacLandmarksTests;
				PRODUCT_NAME = "$(TARGET_NAME)";
				SDKROOT = macosx;
				SWIFT_EMIT_LOC_STRINGS = NO;
				SWIFT_VERSION = 5.0;
				TEST_HOST = "$(BUILT_PRODUCTS_DIR)/MacLandmarks.app/$(BUNDLE_EXECUTABLE_FOLDER_PATH)/MacLandmarks";
			};
			name = Debug;
		};
		C72DFEF12AF2ED36001B63E7 /* Release */ = {
			isa = XCBuildConfiguration;
			buildSettings = {
				ALWAYS_EMBED_SWIFT_STANDARD_LIBRARIES = YES;
				BUNDLE_LOADER = "$(TEST_HOST)";
				CODE_SIGN_STYLE = Automatic;
				CURRENT_PROJECT_VERSION = 1;
				DEVELOPMENT_TEAM = RVRQ2REBGZ;
				GENERATE_INFOPLIST_FILE = YES;
				MACOSX_DEPLOYMENT_TARGET = 14.0;
				MARKETING_VERSION = 1.0;
				PRODUCT_BUNDLE_IDENTIFIER = com.credetechnologies.SaaSHH.MacLandmarksTests;
				PRODUCT_NAME = "$(TARGET_NAME)";
				SDKROOT = macosx;
				SWIFT_EMIT_LOC_STRINGS = NO;
				SWIFT_VERSION = 5.0;
				TEST_HOST = "$(BUILT_PRODUCTS_DIR)/MacLandmarks.app/$(BUNDLE_EXECUTABLE_FOLDER_PATH)/MacLandmarks";
			};
			name = Release;
		};
		C72DFEF32AF2ED36001B63E7 /* Debug */ = {
			isa = XCBuildConfiguration;
			buildSettings = {
				ALWAYS_EMBED_SWIFT_STANDARD_LIBRARIES = YES;
				CODE_SIGN_STYLE = Automatic;
				CURRENT_PROJECT_VERSION = 1;
				DEVELOPMENT_TEAM = RVRQ2REBGZ;
				GENERATE_INFOPLIST_FILE = YES;
				MACOSX_DEPLOYMENT_TARGET = 14.0;
				MARKETING_VERSION = 1.0;
				PRODUCT_BUNDLE_IDENTIFIER = com.credetechnologies.SaaSHH.MacLandmarksUITests;
				PRODUCT_NAME = "$(TARGET_NAME)";
				SDKROOT = macosx;
				SWIFT_EMIT_LOC_STRINGS = NO;
				SWIFT_VERSION = 5.0;
				TEST_TARGET_NAME = MacLandmarks;
			};
			name = Debug;
		};
		C72DFEF42AF2ED36001B63E7 /* Release */ = {
			isa = XCBuildConfiguration;
			buildSettings = {
				ALWAYS_EMBED_SWIFT_STANDARD_LIBRARIES = YES;
				CODE_SIGN_STYLE = Automatic;
				CURRENT_PROJECT_VERSION = 1;
				DEVELOPMENT_TEAM = RVRQ2REBGZ;
				GENERATE_INFOPLIST_FILE = YES;
				MACOSX_DEPLOYMENT_TARGET = 14.0;
				MARKETING_VERSION = 1.0;
				PRODUCT_BUNDLE_IDENTIFIER = com.credetechnologies.SaaSHH.MacLandmarksUITests;
				PRODUCT_NAME = "$(TARGET_NAME)";
				SDKROOT = macosx;
				SWIFT_EMIT_LOC_STRINGS = NO;
				SWIFT_VERSION = 5.0;
				TEST_TARGET_NAME = MacLandmarks;
			};
			name = Release;
		};
		C74CAFC62AF0A81D00FC64AB /* Debug */ = {
			isa = XCBuildConfiguration;
			buildSettings = {
				ASSETCATALOG_COMPILER_APPICON_NAME = AppIcon;
				ASSETCATALOG_COMPILER_GLOBAL_ACCENT_COLOR_NAME = AccentColor;
				ASSETCATALOG_COMPILER_INCLUDE_ALL_APPICON_ASSETS = NO;
				CODE_SIGN_STYLE = Automatic;
				CURRENT_PROJECT_VERSION = 1;
				DEVELOPMENT_ASSET_PATHS = "\"WatchLandmarks Watch App/Preview Content\"";
				DEVELOPMENT_TEAM = X6AKYQ3T46;
				ENABLE_PREVIEWS = YES;
				GENERATE_INFOPLIST_FILE = YES;
				INFOPLIST_KEY_CFBundleDisplayName = WatchLandmarks;
				INFOPLIST_KEY_UISupportedInterfaceOrientations = "UIInterfaceOrientationPortrait UIInterfaceOrientationPortraitUpsideDown";
				INFOPLIST_KEY_WKCompanionAppBundleIdentifier = "com.pearl.SwiftUI-Tutorial-Project-";
				INFOPLIST_KEY_WKRunsIndependentlyOfCompanionApp = YES;
				LD_RUNPATH_SEARCH_PATHS = (
					"$(inherited)",
					"@executable_path/Frameworks",
				);
				MARKETING_VERSION = 1.0;
				PRODUCT_BUNDLE_IDENTIFIER = "com.pearl.SwiftUI-Tutorial-Project-.watchkitapp";
				PRODUCT_NAME = "$(TARGET_NAME)";
				SDKROOT = watchos;
				SKIP_INSTALL = YES;
				SWIFT_EMIT_LOC_STRINGS = YES;
				SWIFT_VERSION = 5.0;
				TARGETED_DEVICE_FAMILY = 4;
				WATCHOS_DEPLOYMENT_TARGET = 10.0;
			};
			name = Debug;
		};
		C74CAFC72AF0A81D00FC64AB /* Release */ = {
			isa = XCBuildConfiguration;
			buildSettings = {
				ASSETCATALOG_COMPILER_APPICON_NAME = AppIcon;
				ASSETCATALOG_COMPILER_GLOBAL_ACCENT_COLOR_NAME = AccentColor;
				ASSETCATALOG_COMPILER_INCLUDE_ALL_APPICON_ASSETS = NO;
				CODE_SIGN_STYLE = Automatic;
				CURRENT_PROJECT_VERSION = 1;
				DEVELOPMENT_ASSET_PATHS = "\"WatchLandmarks Watch App/Preview Content\"";
				DEVELOPMENT_TEAM = X6AKYQ3T46;
				ENABLE_PREVIEWS = YES;
				GENERATE_INFOPLIST_FILE = YES;
				INFOPLIST_KEY_CFBundleDisplayName = WatchLandmarks;
				INFOPLIST_KEY_UISupportedInterfaceOrientations = "UIInterfaceOrientationPortrait UIInterfaceOrientationPortraitUpsideDown";
				INFOPLIST_KEY_WKCompanionAppBundleIdentifier = "com.pearl.SwiftUI-Tutorial-Project-";
				INFOPLIST_KEY_WKRunsIndependentlyOfCompanionApp = YES;
				LD_RUNPATH_SEARCH_PATHS = (
					"$(inherited)",
					"@executable_path/Frameworks",
				);
				MARKETING_VERSION = 1.0;
				PRODUCT_BUNDLE_IDENTIFIER = "com.pearl.SwiftUI-Tutorial-Project-.watchkitapp";
				PRODUCT_NAME = "$(TARGET_NAME)";
				SDKROOT = watchos;
				SKIP_INSTALL = YES;
				SWIFT_EMIT_LOC_STRINGS = YES;
				SWIFT_VERSION = 5.0;
				TARGETED_DEVICE_FAMILY = 4;
				WATCHOS_DEPLOYMENT_TARGET = 10.0;
			};
			name = Release;
		};
		C74CAFCA2AF0A81D00FC64AB /* Debug */ = {
			isa = XCBuildConfiguration;
			buildSettings = {
				ALWAYS_EMBED_SWIFT_STANDARD_LIBRARIES = YES;
				BUNDLE_LOADER = "$(TEST_HOST)";
				CODE_SIGN_STYLE = Automatic;
				CURRENT_PROJECT_VERSION = 1;
				DEVELOPMENT_TEAM = RVRQ2REBGZ;
				GENERATE_INFOPLIST_FILE = YES;
				MARKETING_VERSION = 1.0;
				PRODUCT_BUNDLE_IDENTIFIER = "com.credetechnologies.SaaSHH.WatchLandmarks-Watch-AppTests";
				PRODUCT_NAME = "$(TARGET_NAME)";
				SDKROOT = watchos;
				SWIFT_EMIT_LOC_STRINGS = NO;
				SWIFT_VERSION = 5.0;
				TARGETED_DEVICE_FAMILY = 4;
				TEST_HOST = "$(BUILT_PRODUCTS_DIR)/WatchLandmarks Watch App.app/$(BUNDLE_EXECUTABLE_FOLDER_PATH)/WatchLandmarks Watch App";
				WATCHOS_DEPLOYMENT_TARGET = 10.0;
			};
			name = Debug;
		};
		C74CAFCB2AF0A81D00FC64AB /* Release */ = {
			isa = XCBuildConfiguration;
			buildSettings = {
				ALWAYS_EMBED_SWIFT_STANDARD_LIBRARIES = YES;
				BUNDLE_LOADER = "$(TEST_HOST)";
				CODE_SIGN_STYLE = Automatic;
				CURRENT_PROJECT_VERSION = 1;
				DEVELOPMENT_TEAM = RVRQ2REBGZ;
				GENERATE_INFOPLIST_FILE = YES;
				MARKETING_VERSION = 1.0;
				PRODUCT_BUNDLE_IDENTIFIER = "com.credetechnologies.SaaSHH.WatchLandmarks-Watch-AppTests";
				PRODUCT_NAME = "$(TARGET_NAME)";
				SDKROOT = watchos;
				SWIFT_EMIT_LOC_STRINGS = NO;
				SWIFT_VERSION = 5.0;
				TARGETED_DEVICE_FAMILY = 4;
				TEST_HOST = "$(BUILT_PRODUCTS_DIR)/WatchLandmarks Watch App.app/$(BUNDLE_EXECUTABLE_FOLDER_PATH)/WatchLandmarks Watch App";
				WATCHOS_DEPLOYMENT_TARGET = 10.0;
			};
			name = Release;
		};
		C74CAFCD2AF0A81D00FC64AB /* Debug */ = {
			isa = XCBuildConfiguration;
			buildSettings = {
				ALWAYS_EMBED_SWIFT_STANDARD_LIBRARIES = YES;
				CODE_SIGN_STYLE = Automatic;
				CURRENT_PROJECT_VERSION = 1;
				DEVELOPMENT_TEAM = RVRQ2REBGZ;
				GENERATE_INFOPLIST_FILE = YES;
				MARKETING_VERSION = 1.0;
				PRODUCT_BUNDLE_IDENTIFIER = "com.credetechnologies.SaaSHH.WatchLandmarks-Watch-AppUITests";
				PRODUCT_NAME = "$(TARGET_NAME)";
				SDKROOT = watchos;
				SWIFT_EMIT_LOC_STRINGS = NO;
				SWIFT_VERSION = 5.0;
				TARGETED_DEVICE_FAMILY = 4;
				TEST_TARGET_NAME = "WatchLandmarks Watch App";
				WATCHOS_DEPLOYMENT_TARGET = 10.0;
			};
			name = Debug;
		};
		C74CAFCE2AF0A81D00FC64AB /* Release */ = {
			isa = XCBuildConfiguration;
			buildSettings = {
				ALWAYS_EMBED_SWIFT_STANDARD_LIBRARIES = YES;
				CODE_SIGN_STYLE = Automatic;
				CURRENT_PROJECT_VERSION = 1;
				DEVELOPMENT_TEAM = RVRQ2REBGZ;
				GENERATE_INFOPLIST_FILE = YES;
				MARKETING_VERSION = 1.0;
				PRODUCT_BUNDLE_IDENTIFIER = "com.credetechnologies.SaaSHH.WatchLandmarks-Watch-AppUITests";
				PRODUCT_NAME = "$(TARGET_NAME)";
				SDKROOT = watchos;
				SWIFT_EMIT_LOC_STRINGS = NO;
				SWIFT_VERSION = 5.0;
				TARGETED_DEVICE_FAMILY = 4;
				TEST_TARGET_NAME = "WatchLandmarks Watch App";
				WATCHOS_DEPLOYMENT_TARGET = 10.0;
			};
			name = Release;
		};
		C79E08612AC377F7005F8CAA /* Debug */ = {
			isa = XCBuildConfiguration;
			buildSettings = {
				ALWAYS_SEARCH_USER_PATHS = NO;
				ASSETCATALOG_COMPILER_GENERATE_SWIFT_ASSET_SYMBOL_EXTENSIONS = YES;
				CLANG_ANALYZER_NONNULL = YES;
				CLANG_ANALYZER_NUMBER_OBJECT_CONVERSION = YES_AGGRESSIVE;
				CLANG_CXX_LANGUAGE_STANDARD = "gnu++20";
				CLANG_ENABLE_MODULES = YES;
				CLANG_ENABLE_OBJC_ARC = YES;
				CLANG_ENABLE_OBJC_WEAK = YES;
				CLANG_WARN_BLOCK_CAPTURE_AUTORELEASING = YES;
				CLANG_WARN_BOOL_CONVERSION = YES;
				CLANG_WARN_COMMA = YES;
				CLANG_WARN_CONSTANT_CONVERSION = YES;
				CLANG_WARN_DEPRECATED_OBJC_IMPLEMENTATIONS = YES;
				CLANG_WARN_DIRECT_OBJC_ISA_USAGE = YES_ERROR;
				CLANG_WARN_DOCUMENTATION_COMMENTS = YES;
				CLANG_WARN_EMPTY_BODY = YES;
				CLANG_WARN_ENUM_CONVERSION = YES;
				CLANG_WARN_INFINITE_RECURSION = YES;
				CLANG_WARN_INT_CONVERSION = YES;
				CLANG_WARN_NON_LITERAL_NULL_CONVERSION = YES;
				CLANG_WARN_OBJC_IMPLICIT_RETAIN_SELF = YES;
				CLANG_WARN_OBJC_LITERAL_CONVERSION = YES;
				CLANG_WARN_OBJC_ROOT_CLASS = YES_ERROR;
				CLANG_WARN_QUOTED_INCLUDE_IN_FRAMEWORK_HEADER = YES;
				CLANG_WARN_RANGE_LOOP_ANALYSIS = YES;
				CLANG_WARN_STRICT_PROTOTYPES = YES;
				CLANG_WARN_SUSPICIOUS_MOVE = YES;
				CLANG_WARN_UNGUARDED_AVAILABILITY = YES_AGGRESSIVE;
				CLANG_WARN_UNREACHABLE_CODE = YES;
				CLANG_WARN__DUPLICATE_METHOD_MATCH = YES;
				COPY_PHASE_STRIP = NO;
				DEBUG_INFORMATION_FORMAT = dwarf;
				ENABLE_STRICT_OBJC_MSGSEND = YES;
				ENABLE_TESTABILITY = YES;
				ENABLE_USER_SCRIPT_SANDBOXING = YES;
				GCC_C_LANGUAGE_STANDARD = gnu17;
				GCC_DYNAMIC_NO_PIC = NO;
				GCC_NO_COMMON_BLOCKS = YES;
				GCC_OPTIMIZATION_LEVEL = 0;
				GCC_PREPROCESSOR_DEFINITIONS = (
					"DEBUG=1",
					"$(inherited)",
				);
				GCC_WARN_64_TO_32_BIT_CONVERSION = YES;
				GCC_WARN_ABOUT_RETURN_TYPE = YES_ERROR;
				GCC_WARN_UNDECLARED_SELECTOR = YES;
				GCC_WARN_UNINITIALIZED_AUTOS = YES_AGGRESSIVE;
				GCC_WARN_UNUSED_FUNCTION = YES;
				GCC_WARN_UNUSED_VARIABLE = YES;
				IPHONEOS_DEPLOYMENT_TARGET = 17.0;
				LOCALIZATION_PREFERS_STRING_CATALOGS = YES;
				MTL_ENABLE_DEBUG_INFO = INCLUDE_SOURCE;
				MTL_FAST_MATH = YES;
				ONLY_ACTIVE_ARCH = YES;
				SDKROOT = iphoneos;
				SWIFT_ACTIVE_COMPILATION_CONDITIONS = "DEBUG $(inherited)";
				SWIFT_OPTIMIZATION_LEVEL = "-Onone";
			};
			name = Debug;
		};
		C79E08622AC377F7005F8CAA /* Release */ = {
			isa = XCBuildConfiguration;
			buildSettings = {
				ALWAYS_SEARCH_USER_PATHS = NO;
				ASSETCATALOG_COMPILER_GENERATE_SWIFT_ASSET_SYMBOL_EXTENSIONS = YES;
				CLANG_ANALYZER_NONNULL = YES;
				CLANG_ANALYZER_NUMBER_OBJECT_CONVERSION = YES_AGGRESSIVE;
				CLANG_CXX_LANGUAGE_STANDARD = "gnu++20";
				CLANG_ENABLE_MODULES = YES;
				CLANG_ENABLE_OBJC_ARC = YES;
				CLANG_ENABLE_OBJC_WEAK = YES;
				CLANG_WARN_BLOCK_CAPTURE_AUTORELEASING = YES;
				CLANG_WARN_BOOL_CONVERSION = YES;
				CLANG_WARN_COMMA = YES;
				CLANG_WARN_CONSTANT_CONVERSION = YES;
				CLANG_WARN_DEPRECATED_OBJC_IMPLEMENTATIONS = YES;
				CLANG_WARN_DIRECT_OBJC_ISA_USAGE = YES_ERROR;
				CLANG_WARN_DOCUMENTATION_COMMENTS = YES;
				CLANG_WARN_EMPTY_BODY = YES;
				CLANG_WARN_ENUM_CONVERSION = YES;
				CLANG_WARN_INFINITE_RECURSION = YES;
				CLANG_WARN_INT_CONVERSION = YES;
				CLANG_WARN_NON_LITERAL_NULL_CONVERSION = YES;
				CLANG_WARN_OBJC_IMPLICIT_RETAIN_SELF = YES;
				CLANG_WARN_OBJC_LITERAL_CONVERSION = YES;
				CLANG_WARN_OBJC_ROOT_CLASS = YES_ERROR;
				CLANG_WARN_QUOTED_INCLUDE_IN_FRAMEWORK_HEADER = YES;
				CLANG_WARN_RANGE_LOOP_ANALYSIS = YES;
				CLANG_WARN_STRICT_PROTOTYPES = YES;
				CLANG_WARN_SUSPICIOUS_MOVE = YES;
				CLANG_WARN_UNGUARDED_AVAILABILITY = YES_AGGRESSIVE;
				CLANG_WARN_UNREACHABLE_CODE = YES;
				CLANG_WARN__DUPLICATE_METHOD_MATCH = YES;
				COPY_PHASE_STRIP = NO;
				DEBUG_INFORMATION_FORMAT = "dwarf-with-dsym";
				ENABLE_NS_ASSERTIONS = NO;
				ENABLE_STRICT_OBJC_MSGSEND = YES;
				ENABLE_USER_SCRIPT_SANDBOXING = YES;
				GCC_C_LANGUAGE_STANDARD = gnu17;
				GCC_NO_COMMON_BLOCKS = YES;
				GCC_WARN_64_TO_32_BIT_CONVERSION = YES;
				GCC_WARN_ABOUT_RETURN_TYPE = YES_ERROR;
				GCC_WARN_UNDECLARED_SELECTOR = YES;
				GCC_WARN_UNINITIALIZED_AUTOS = YES_AGGRESSIVE;
				GCC_WARN_UNUSED_FUNCTION = YES;
				GCC_WARN_UNUSED_VARIABLE = YES;
				IPHONEOS_DEPLOYMENT_TARGET = 17.0;
				LOCALIZATION_PREFERS_STRING_CATALOGS = YES;
				MTL_ENABLE_DEBUG_INFO = NO;
				MTL_FAST_MATH = YES;
				SDKROOT = iphoneos;
				SWIFT_COMPILATION_MODE = wholemodule;
				VALIDATE_PRODUCT = YES;
			};
			name = Release;
		};
		C79E08642AC377F7005F8CAA /* Debug */ = {
			isa = XCBuildConfiguration;
			buildSettings = {
				ALWAYS_EMBED_SWIFT_STANDARD_LIBRARIES = YES;
				ASSETCATALOG_COMPILER_APPICON_NAME = AppIcon;
				ASSETCATALOG_COMPILER_GLOBAL_ACCENT_COLOR_NAME = AccentColor;
				ASSETCATALOG_COMPILER_INCLUDE_ALL_APPICON_ASSETS = NO;
				CODE_SIGN_STYLE = Automatic;
				CURRENT_PROJECT_VERSION = 1;
				DEVELOPMENT_ASSET_PATHS = "\"SwiftUI_Tutorial_Project_/Preview Content\"";
				DEVELOPMENT_TEAM = X6AKYQ3T46;
				ENABLE_PREVIEWS = YES;
				GENERATE_INFOPLIST_FILE = YES;
				INFOPLIST_KEY_UIApplicationSceneManifest_Generation = YES;
				INFOPLIST_KEY_UIApplicationSupportsIndirectInputEvents = YES;
				INFOPLIST_KEY_UILaunchScreen_Generation = YES;
				INFOPLIST_KEY_UISupportedInterfaceOrientations_iPad = "UIInterfaceOrientationPortrait UIInterfaceOrientationPortraitUpsideDown UIInterfaceOrientationLandscapeLeft UIInterfaceOrientationLandscapeRight";
				INFOPLIST_KEY_UISupportedInterfaceOrientations_iPhone = "UIInterfaceOrientationPortrait UIInterfaceOrientationLandscapeLeft UIInterfaceOrientationLandscapeRight";
				LD_RUNPATH_SEARCH_PATHS = (
					"$(inherited)",
					"@executable_path/Frameworks",
				);
				MARKETING_VERSION = 1.0;
				PRODUCT_BUNDLE_IDENTIFIER = "com.pearl.SwiftUI-Tutorial-Project-";
				PRODUCT_NAME = "$(TARGET_NAME)";
				SWIFT_EMIT_LOC_STRINGS = YES;
				SWIFT_VERSION = 5.0;
				TARGETED_DEVICE_FAMILY = "1,2";
			};
			name = Debug;
		};
		C79E08652AC377F7005F8CAA /* Release */ = {
			isa = XCBuildConfiguration;
			buildSettings = {
				ALWAYS_EMBED_SWIFT_STANDARD_LIBRARIES = YES;
				ASSETCATALOG_COMPILER_APPICON_NAME = AppIcon;
				ASSETCATALOG_COMPILER_GLOBAL_ACCENT_COLOR_NAME = AccentColor;
				ASSETCATALOG_COMPILER_INCLUDE_ALL_APPICON_ASSETS = NO;
				CODE_SIGN_STYLE = Automatic;
				CURRENT_PROJECT_VERSION = 1;
				DEVELOPMENT_ASSET_PATHS = "\"SwiftUI_Tutorial_Project_/Preview Content\"";
				DEVELOPMENT_TEAM = X6AKYQ3T46;
				ENABLE_PREVIEWS = YES;
				GENERATE_INFOPLIST_FILE = YES;
				INFOPLIST_KEY_UIApplicationSceneManifest_Generation = YES;
				INFOPLIST_KEY_UIApplicationSupportsIndirectInputEvents = YES;
				INFOPLIST_KEY_UILaunchScreen_Generation = YES;
				INFOPLIST_KEY_UISupportedInterfaceOrientations_iPad = "UIInterfaceOrientationPortrait UIInterfaceOrientationPortraitUpsideDown UIInterfaceOrientationLandscapeLeft UIInterfaceOrientationLandscapeRight";
				INFOPLIST_KEY_UISupportedInterfaceOrientations_iPhone = "UIInterfaceOrientationPortrait UIInterfaceOrientationLandscapeLeft UIInterfaceOrientationLandscapeRight";
				LD_RUNPATH_SEARCH_PATHS = (
					"$(inherited)",
					"@executable_path/Frameworks",
				);
				MARKETING_VERSION = 1.0;
				PRODUCT_BUNDLE_IDENTIFIER = "com.pearl.SwiftUI-Tutorial-Project-";
				PRODUCT_NAME = "$(TARGET_NAME)";
				SWIFT_EMIT_LOC_STRINGS = YES;
				SWIFT_VERSION = 5.0;
				TARGETED_DEVICE_FAMILY = "1,2";
			};
			name = Release;
		};
		C79E08672AC377F7005F8CAA /* Debug */ = {
			isa = XCBuildConfiguration;
			buildSettings = {
				ALWAYS_EMBED_SWIFT_STANDARD_LIBRARIES = YES;
				BUNDLE_LOADER = "$(TEST_HOST)";
				CODE_SIGN_STYLE = Automatic;
				CURRENT_PROJECT_VERSION = 1;
				DEVELOPMENT_TEAM = X6AKYQ3T46;
				GENERATE_INFOPLIST_FILE = YES;
				IPHONEOS_DEPLOYMENT_TARGET = 17.0;
				MARKETING_VERSION = 1.0;
				PRODUCT_BUNDLE_IDENTIFIER = "com.pearl.SwiftUI-Tutorial-Project-Tests";
				PRODUCT_NAME = "$(TARGET_NAME)";
				SWIFT_EMIT_LOC_STRINGS = NO;
				SWIFT_VERSION = 5.0;
				TARGETED_DEVICE_FAMILY = "1,2";
				TEST_HOST = "$(BUILT_PRODUCTS_DIR)/SwiftUI_Tutorial_Project_LandMarks.app/$(BUNDLE_EXECUTABLE_FOLDER_PATH)/SwiftUI_Tutorial_Project_LandMarks";
			};
			name = Debug;
		};
		C79E08682AC377F7005F8CAA /* Release */ = {
			isa = XCBuildConfiguration;
			buildSettings = {
				ALWAYS_EMBED_SWIFT_STANDARD_LIBRARIES = YES;
				BUNDLE_LOADER = "$(TEST_HOST)";
				CODE_SIGN_STYLE = Automatic;
				CURRENT_PROJECT_VERSION = 1;
				DEVELOPMENT_TEAM = X6AKYQ3T46;
				GENERATE_INFOPLIST_FILE = YES;
				IPHONEOS_DEPLOYMENT_TARGET = 17.0;
				MARKETING_VERSION = 1.0;
				PRODUCT_BUNDLE_IDENTIFIER = "com.pearl.SwiftUI-Tutorial-Project-Tests";
				PRODUCT_NAME = "$(TARGET_NAME)";
				SWIFT_EMIT_LOC_STRINGS = NO;
				SWIFT_VERSION = 5.0;
				TARGETED_DEVICE_FAMILY = "1,2";
				TEST_HOST = "$(BUILT_PRODUCTS_DIR)/SwiftUI_Tutorial_Project_LandMarks.app/$(BUNDLE_EXECUTABLE_FOLDER_PATH)/SwiftUI_Tutorial_Project_LandMarks";
			};
			name = Release;
		};
		C79E086A2AC377F7005F8CAA /* Debug */ = {
			isa = XCBuildConfiguration;
			buildSettings = {
				ALWAYS_EMBED_SWIFT_STANDARD_LIBRARIES = YES;
				CODE_SIGN_STYLE = Automatic;
				CURRENT_PROJECT_VERSION = 1;
				DEVELOPMENT_TEAM = X6AKYQ3T46;
				GENERATE_INFOPLIST_FILE = YES;
				MARKETING_VERSION = 1.0;
				PRODUCT_BUNDLE_IDENTIFIER = "com.pearl.SwiftUI-Tutorial-Project-UITests";
				PRODUCT_NAME = "$(TARGET_NAME)";
				SWIFT_EMIT_LOC_STRINGS = NO;
				SWIFT_VERSION = 5.0;
				TARGETED_DEVICE_FAMILY = "1,2";
				TEST_TARGET_NAME = SwiftUI_Tutorial_Project_;
			};
			name = Debug;
		};
		C79E086B2AC377F7005F8CAA /* Release */ = {
			isa = XCBuildConfiguration;
			buildSettings = {
				ALWAYS_EMBED_SWIFT_STANDARD_LIBRARIES = YES;
				CODE_SIGN_STYLE = Automatic;
				CURRENT_PROJECT_VERSION = 1;
				DEVELOPMENT_TEAM = X6AKYQ3T46;
				GENERATE_INFOPLIST_FILE = YES;
				MARKETING_VERSION = 1.0;
				PRODUCT_BUNDLE_IDENTIFIER = "com.pearl.SwiftUI-Tutorial-Project-UITests";
				PRODUCT_NAME = "$(TARGET_NAME)";
				SWIFT_EMIT_LOC_STRINGS = NO;
				SWIFT_VERSION = 5.0;
				TARGETED_DEVICE_FAMILY = "1,2";
				TEST_TARGET_NAME = SwiftUI_Tutorial_Project_;
			};
			name = Release;
		};
/* End XCBuildConfiguration section */

/* Begin XCConfigurationList section */
		C72DFEEC2AF2ED36001B63E7 /* Build configuration list for PBXNativeTarget "MacLandmarks" */ = {
			isa = XCConfigurationList;
			buildConfigurations = (
				C72DFEED2AF2ED36001B63E7 /* Debug */,
				C72DFEEE2AF2ED36001B63E7 /* Release */,
			);
			defaultConfigurationIsVisible = 0;
			defaultConfigurationName = Release;
		};
		C72DFEEF2AF2ED36001B63E7 /* Build configuration list for PBXNativeTarget "MacLandmarksTests" */ = {
			isa = XCConfigurationList;
			buildConfigurations = (
				C72DFEF02AF2ED36001B63E7 /* Debug */,
				C72DFEF12AF2ED36001B63E7 /* Release */,
			);
			defaultConfigurationIsVisible = 0;
			defaultConfigurationName = Release;
		};
		C72DFEF22AF2ED36001B63E7 /* Build configuration list for PBXNativeTarget "MacLandmarksUITests" */ = {
			isa = XCConfigurationList;
			buildConfigurations = (
				C72DFEF32AF2ED36001B63E7 /* Debug */,
				C72DFEF42AF2ED36001B63E7 /* Release */,
			);
			defaultConfigurationIsVisible = 0;
			defaultConfigurationName = Release;
		};
		C74CAFC52AF0A81D00FC64AB /* Build configuration list for PBXNativeTarget "WatchLandmarks Watch App" */ = {
			isa = XCConfigurationList;
			buildConfigurations = (
				C74CAFC62AF0A81D00FC64AB /* Debug */,
				C74CAFC72AF0A81D00FC64AB /* Release */,
			);
			defaultConfigurationIsVisible = 0;
			defaultConfigurationName = Release;
		};
		C74CAFC92AF0A81D00FC64AB /* Build configuration list for PBXNativeTarget "WatchLandmarks Watch AppTests" */ = {
			isa = XCConfigurationList;
			buildConfigurations = (
				C74CAFCA2AF0A81D00FC64AB /* Debug */,
				C74CAFCB2AF0A81D00FC64AB /* Release */,
			);
			defaultConfigurationIsVisible = 0;
			defaultConfigurationName = Release;
		};
		C74CAFCC2AF0A81D00FC64AB /* Build configuration list for PBXNativeTarget "WatchLandmarks Watch AppUITests" */ = {
			isa = XCConfigurationList;
			buildConfigurations = (
				C74CAFCD2AF0A81D00FC64AB /* Debug */,
				C74CAFCE2AF0A81D00FC64AB /* Release */,
			);
			defaultConfigurationIsVisible = 0;
			defaultConfigurationName = Release;
		};
		C79E083A2AC377F4005F8CAA /* Build configuration list for PBXProject "SwiftUI_Tutorial_Project_LandMarks" */ = {
			isa = XCConfigurationList;
			buildConfigurations = (
				C79E08612AC377F7005F8CAA /* Debug */,
				C79E08622AC377F7005F8CAA /* Release */,
			);
			defaultConfigurationIsVisible = 0;
			defaultConfigurationName = Release;
		};
		C79E08632AC377F7005F8CAA /* Build configuration list for PBXNativeTarget "SwiftUI_Tutorial_Project_LandMarks" */ = {
			isa = XCConfigurationList;
			buildConfigurations = (
				C79E08642AC377F7005F8CAA /* Debug */,
				C79E08652AC377F7005F8CAA /* Release */,
			);
			defaultConfigurationIsVisible = 0;
			defaultConfigurationName = Release;
		};
		C79E08662AC377F7005F8CAA /* Build configuration list for PBXNativeTarget "SwiftUI_Tutorial_Project_LandMarksTests" */ = {
			isa = XCConfigurationList;
			buildConfigurations = (
				C79E08672AC377F7005F8CAA /* Debug */,
				C79E08682AC377F7005F8CAA /* Release */,
			);
			defaultConfigurationIsVisible = 0;
			defaultConfigurationName = Release;
		};
		C79E08692AC377F7005F8CAA /* Build configuration list for PBXNativeTarget "SwiftUI_Tutorial_Project_LandMarksUITests" */ = {
			isa = XCConfigurationList;
			buildConfigurations = (
				C79E086A2AC377F7005F8CAA /* Debug */,
				C79E086B2AC377F7005F8CAA /* Release */,
			);
			defaultConfigurationIsVisible = 0;
			defaultConfigurationName = Release;
		};
/* End XCConfigurationList section */
	};
	rootObject = C79E08372AC377F4005F8CAA /* Project object */;
}
