// !$*UTF8*$!
{
	archiveVersion = 1;
	classes = {
	};
	objectVersion = 56;
	objects = {

/* Begin PBXBuildFile section */
		C71EBA0B2AC382C20028822D /* CircleView.swift in Sources */ = {isa = PBXBuildFile; fileRef = C71EBA0A2AC382C20028822D /* CircleView.swift */; };
		C71EBA0D2AC3877D0028822D /* MapView.swift in Sources */ = {isa = PBXBuildFile; fileRef = C71EBA0C2AC3877D0028822D /* MapView.swift */; };
		C766A5A72ACEF8F900F6D2D3 /* LandmarkList.swift in Sources */ = {isa = PBXBuildFile; fileRef = C766A5A62ACEF8F900F6D2D3 /* LandmarkList.swift */; };
		C766A5A92ACEFC0E00F6D2D3 /* LandmarkDetail.swift in Sources */ = {isa = PBXBuildFile; fileRef = C766A5A82ACEFC0E00F6D2D3 /* LandmarkDetail.swift */; };
		C792AF4C2ACE085B00ADF7FC /* Landmark.swift in Sources */ = {isa = PBXBuildFile; fileRef = C792AF4B2ACE085B00ADF7FC /* Landmark.swift */; };
		C792AF4E2ACE0C0100ADF7FC /* ModelData.swift in Sources */ = {isa = PBXBuildFile; fileRef = C792AF4D2ACE0C0100ADF7FC /* ModelData.swift */; };
		C792AF522ACE0EFF00ADF7FC /* LandmarkRow.swift in Sources */ = {isa = PBXBuildFile; fileRef = C792AF512ACE0EFF00ADF7FC /* LandmarkRow.swift */; };
		C79E08432AC377F4005F8CAA /* SwiftUI_Tutorial_Project_App.swift in Sources */ = {isa = PBXBuildFile; fileRef = C79E08422AC377F4005F8CAA /* SwiftUI_Tutorial_Project_App.swift */; };
		C79E08452AC377F4005F8CAA /* ContentView.swift in Sources */ = {isa = PBXBuildFile; fileRef = C79E08442AC377F4005F8CAA /* ContentView.swift */; };
		C79E08472AC377F6005F8CAA /* Assets.xcassets in Resources */ = {isa = PBXBuildFile; fileRef = C79E08462AC377F6005F8CAA /* Assets.xcassets */; };
		C79E084A2AC377F6005F8CAA /* Preview Assets.xcassets in Resources */ = {isa = PBXBuildFile; fileRef = C79E08492AC377F6005F8CAA /* Preview Assets.xcassets */; };
		C79E08542AC377F7005F8CAA /* SwiftUI_Tutorial_Project_Tests.swift in Sources */ = {isa = PBXBuildFile; fileRef = C79E08532AC377F7005F8CAA /* SwiftUI_Tutorial_Project_Tests.swift */; };
		C79E085E2AC377F7005F8CAA /* SwiftUI_Tutorial_Project_UITests.swift in Sources */ = {isa = PBXBuildFile; fileRef = C79E085D2AC377F7005F8CAA /* SwiftUI_Tutorial_Project_UITests.swift */; };
		C79E08602AC377F7005F8CAA /* SwiftUI_Tutorial_Project_UITestsLaunchTests.swift in Sources */ = {isa = PBXBuildFile; fileRef = C79E085F2AC377F7005F8CAA /* SwiftUI_Tutorial_Project_UITestsLaunchTests.swift */; };
		C79E086D2AC3791A005F8CAA /* ContentViewiPad.swift in Sources */ = {isa = PBXBuildFile; fileRef = C79E086C2AC3791A005F8CAA /* ContentViewiPad.swift */; };
		C7BD20012AC77DA7004D036E /* landmarkData.json in Resources */ = {isa = PBXBuildFile; fileRef = C7BD20002AC77DA7004D036E /* landmarkData.json */; };
		C7C78B5B2AD3274A00574E7F /* FavoriteButton.swift in Sources */ = {isa = PBXBuildFile; fileRef = C7C78B5A2AD3274A00574E7F /* FavoriteButton.swift */; };
/* End PBXBuildFile section */

/* Begin PBXContainerItemProxy section */
		C79E08502AC377F7005F8CAA /* PBXContainerItemProxy */ = {
			isa = PBXContainerItemProxy;
			containerPortal = C79E08372AC377F4005F8CAA /* Project object */;
			proxyType = 1;
			remoteGlobalIDString = C79E083E2AC377F4005F8CAA;
			remoteInfo = SwiftUI_Tutorial_Project_;
		};
		C79E085A2AC377F7005F8CAA /* PBXContainerItemProxy */ = {
			isa = PBXContainerItemProxy;
			containerPortal = C79E08372AC377F4005F8CAA /* Project object */;
			proxyType = 1;
			remoteGlobalIDString = C79E083E2AC377F4005F8CAA;
			remoteInfo = SwiftUI_Tutorial_Project_;
		};
/* End PBXContainerItemProxy section */

/* Begin PBXFileReference section */
		C71EBA0A2AC382C20028822D /* CircleView.swift */ = {isa = PBXFileReference; lastKnownFileType = sourcecode.swift; path = CircleView.swift; sourceTree = "<group>"; };
		C71EBA0C2AC3877D0028822D /* MapView.swift */ = {isa = PBXFileReference; lastKnownFileType = sourcecode.swift; path = MapView.swift; sourceTree = "<group>"; };
		C766A5A62ACEF8F900F6D2D3 /* LandmarkList.swift */ = {isa = PBXFileReference; lastKnownFileType = sourcecode.swift; path = LandmarkList.swift; sourceTree = "<group>"; };
		C766A5A82ACEFC0E00F6D2D3 /* LandmarkDetail.swift */ = {isa = PBXFileReference; lastKnownFileType = sourcecode.swift; path = LandmarkDetail.swift; sourceTree = "<group>"; };
		C792AF4B2ACE085B00ADF7FC /* Landmark.swift */ = {isa = PBXFileReference; lastKnownFileType = sourcecode.swift; path = Landmark.swift; sourceTree = "<group>"; };
		C792AF4D2ACE0C0100ADF7FC /* ModelData.swift */ = {isa = PBXFileReference; lastKnownFileType = sourcecode.swift; path = ModelData.swift; sourceTree = "<group>"; };
		C792AF512ACE0EFF00ADF7FC /* LandmarkRow.swift */ = {isa = PBXFileReference; lastKnownFileType = sourcecode.swift; path = LandmarkRow.swift; sourceTree = "<group>"; };
		C79E083F2AC377F4005F8CAA /* SwiftUI_Tutorial_Project_LandMarks.app */ = {isa = PBXFileReference; explicitFileType = wrapper.application; includeInIndex = 0; path = SwiftUI_Tutorial_Project_LandMarks.app; sourceTree = BUILT_PRODUCTS_DIR; };
		C79E08422AC377F4005F8CAA /* SwiftUI_Tutorial_Project_App.swift */ = {isa = PBXFileReference; lastKnownFileType = sourcecode.swift; path = SwiftUI_Tutorial_Project_App.swift; sourceTree = "<group>"; };
		C79E08442AC377F4005F8CAA /* ContentView.swift */ = {isa = PBXFileReference; lastKnownFileType = sourcecode.swift; path = ContentView.swift; sourceTree = "<group>"; };
		C79E08462AC377F6005F8CAA /* Assets.xcassets */ = {isa = PBXFileReference; lastKnownFileType = folder.assetcatalog; path = Assets.xcassets; sourceTree = "<group>"; };
		C79E08492AC377F6005F8CAA /* Preview Assets.xcassets */ = {isa = PBXFileReference; lastKnownFileType = folder.assetcatalog; path = "Preview Assets.xcassets"; sourceTree = "<group>"; };
		C79E084F2AC377F7005F8CAA /* SwiftUI_Tutorial_Project_LandMarksTests.xctest */ = {isa = PBXFileReference; explicitFileType = wrapper.cfbundle; includeInIndex = 0; path = SwiftUI_Tutorial_Project_LandMarksTests.xctest; sourceTree = BUILT_PRODUCTS_DIR; };
		C79E08532AC377F7005F8CAA /* SwiftUI_Tutorial_Project_Tests.swift */ = {isa = PBXFileReference; lastKnownFileType = sourcecode.swift; path = SwiftUI_Tutorial_Project_Tests.swift; sourceTree = "<group>"; };
		C79E08592AC377F7005F8CAA /* SwiftUI_Tutorial_Project_LandMarksUITests.xctest */ = {isa = PBXFileReference; explicitFileType = wrapper.cfbundle; includeInIndex = 0; path = SwiftUI_Tutorial_Project_LandMarksUITests.xctest; sourceTree = BUILT_PRODUCTS_DIR; };
		C79E085D2AC377F7005F8CAA /* SwiftUI_Tutorial_Project_UITests.swift */ = {isa = PBXFileReference; lastKnownFileType = sourcecode.swift; path = SwiftUI_Tutorial_Project_UITests.swift; sourceTree = "<group>"; };
		C79E085F2AC377F7005F8CAA /* SwiftUI_Tutorial_Project_UITestsLaunchTests.swift */ = {isa = PBXFileReference; lastKnownFileType = sourcecode.swift; path = SwiftUI_Tutorial_Project_UITestsLaunchTests.swift; sourceTree = "<group>"; };
		C79E086C2AC3791A005F8CAA /* ContentViewiPad.swift */ = {isa = PBXFileReference; lastKnownFileType = sourcecode.swift; path = ContentViewiPad.swift; sourceTree = "<group>"; };
		C7BD20002AC77DA7004D036E /* landmarkData.json */ = {isa = PBXFileReference; fileEncoding = 4; lastKnownFileType = text.json; path = landmarkData.json; sourceTree = "<group>"; };
		C7C78B5A2AD3274A00574E7F /* FavoriteButton.swift */ = {isa = PBXFileReference; lastKnownFileType = sourcecode.swift; path = FavoriteButton.swift; sourceTree = "<group>"; };
/* End PBXFileReference section */

/* Begin PBXFrameworksBuildPhase section */
		C79E083C2AC377F4005F8CAA /* Frameworks */ = {
			isa = PBXFrameworksBuildPhase;
			buildActionMask = 2147483647;
			files = (
			);
			runOnlyForDeploymentPostprocessing = 0;
		};
		C79E084C2AC377F7005F8CAA /* Frameworks */ = {
			isa = PBXFrameworksBuildPhase;
			buildActionMask = 2147483647;
			files = (
			);
			runOnlyForDeploymentPostprocessing = 0;
		};
		C79E08562AC377F7005F8CAA /* Frameworks */ = {
			isa = PBXFrameworksBuildPhase;
			buildActionMask = 2147483647;
			files = (
			);
			runOnlyForDeploymentPostprocessing = 0;
		};
/* End PBXFrameworksBuildPhase section */

/* Begin PBXGroup section */
		C792AF4F2ACE0E1B00ADF7FC /* Views */ = {
			isa = PBXGroup;
			children = (
				C79E08442AC377F4005F8CAA /* ContentView.swift */,
				C7C78B5D2AD329C000574E7F /* Helper */,
				C7C78B5C2AD3299B00574E7F /* Landmark */,
			);
			path = Views;
			sourceTree = "<group>";
		};
		C792AF502ACE0E3800ADF7FC /* Model */ = {
			isa = PBXGroup;
			children = (
				C792AF4D2ACE0C0100ADF7FC /* ModelData.swift */,
				C792AF4B2ACE085B00ADF7FC /* Landmark.swift */,
			);
			path = Model;
			sourceTree = "<group>";
		};
		C79E08362AC377F4005F8CAA = {
			isa = PBXGroup;
			children = (
				C79E08412AC377F4005F8CAA /* SwiftUI_Tutorial_Project_ */,
				C79E08522AC377F7005F8CAA /* SwiftUI_Tutorial_Project_Tests */,
				C79E085C2AC377F7005F8CAA /* SwiftUI_Tutorial_Project_UITests */,
				C79E08402AC377F4005F8CAA /* Products */,
			);
			sourceTree = "<group>";
		};
		C79E08402AC377F4005F8CAA /* Products */ = {
			isa = PBXGroup;
			children = (
				C79E083F2AC377F4005F8CAA /* SwiftUI_Tutorial_Project_LandMarks.app */,
				C79E084F2AC377F7005F8CAA /* SwiftUI_Tutorial_Project_LandMarksTests.xctest */,
				C79E08592AC377F7005F8CAA /* SwiftUI_Tutorial_Project_LandMarksUITests.xctest */,
			);
			name = Products;
			sourceTree = "<group>";
		};
		C79E08412AC377F4005F8CAA /* SwiftUI_Tutorial_Project_ */ = {
			isa = PBXGroup;
			children = (
				C7BD1FFF2AC77D95004D036E /* Resources */,
				C79E08422AC377F4005F8CAA /* SwiftUI_Tutorial_Project_App.swift */,
				C792AF4F2ACE0E1B00ADF7FC /* Views */,
				C792AF502ACE0E3800ADF7FC /* Model */,
				C79E086C2AC3791A005F8CAA /* ContentViewiPad.swift */,
				C79E08462AC377F6005F8CAA /* Assets.xcassets */,
				C79E08482AC377F6005F8CAA /* Preview Content */,
			);
			path = SwiftUI_Tutorial_Project_;
			sourceTree = "<group>";
		};
		C79E08482AC377F6005F8CAA /* Preview Content */ = {
			isa = PBXGroup;
			children = (
				C79E08492AC377F6005F8CAA /* Preview Assets.xcassets */,
			);
			path = "Preview Content";
			sourceTree = "<group>";
		};
		C79E08522AC377F7005F8CAA /* SwiftUI_Tutorial_Project_Tests */ = {
			isa = PBXGroup;
			children = (
				C79E08532AC377F7005F8CAA /* SwiftUI_Tutorial_Project_Tests.swift */,
			);
			path = SwiftUI_Tutorial_Project_Tests;
			sourceTree = "<group>";
		};
		C79E085C2AC377F7005F8CAA /* SwiftUI_Tutorial_Project_UITests */ = {
			isa = PBXGroup;
			children = (
				C79E085D2AC377F7005F8CAA /* SwiftUI_Tutorial_Project_UITests.swift */,
				C79E085F2AC377F7005F8CAA /* SwiftUI_Tutorial_Project_UITestsLaunchTests.swift */,
			);
			path = SwiftUI_Tutorial_Project_UITests;
			sourceTree = "<group>";
		};
		C7BD1FFF2AC77D95004D036E /* Resources */ = {
			isa = PBXGroup;
			children = (
				C7BD20002AC77DA7004D036E /* landmarkData.json */,
			);
			path = Resources;
			sourceTree = "<group>";
		};
		C7C78B5C2AD3299B00574E7F /* Landmark */ = {
			isa = PBXGroup;
			children = (
				C792AF512ACE0EFF00ADF7FC /* LandmarkRow.swift */,
				C766A5A62ACEF8F900F6D2D3 /* LandmarkList.swift */,
				C766A5A82ACEFC0E00F6D2D3 /* LandmarkDetail.swift */,
			);
			path = Landmark;
			sourceTree = "<group>";
		};
		C7C78B5D2AD329C000574E7F /* Helper */ = {
			isa = PBXGroup;
			children = (
				C71EBA0A2AC382C20028822D /* CircleView.swift */,
				C71EBA0C2AC3877D0028822D /* MapView.swift */,
				C7C78B5A2AD3274A00574E7F /* FavoriteButton.swift */,
			);
			path = Helper;
			sourceTree = "<group>";
		};
/* End PBXGroup section */

/* Begin PBXNativeTarget section */
		C79E083E2AC377F4005F8CAA /* SwiftUI_Tutorial_Project_LandMarks */ = {
			isa = PBXNativeTarget;
			buildConfigurationList = C79E08632AC377F7005F8CAA /* Build configuration list for PBXNativeTarget "SwiftUI_Tutorial_Project_LandMarks" */;
			buildPhases = (
				C79E083B2AC377F4005F8CAA /* Sources */,
				C79E083C2AC377F4005F8CAA /* Frameworks */,
				C79E083D2AC377F4005F8CAA /* Resources */,
			);
			buildRules = (
			);
			dependencies = (
			);
			name = SwiftUI_Tutorial_Project_LandMarks;
			productName = SwiftUI_Tutorial_Project_;
			productReference = C79E083F2AC377F4005F8CAA /* SwiftUI_Tutorial_Project_LandMarks.app */;
			productType = "com.apple.product-type.application";
		};
		C79E084E2AC377F7005F8CAA /* SwiftUI_Tutorial_Project_LandMarksTests */ = {
			isa = PBXNativeTarget;
			buildConfigurationList = C79E08662AC377F7005F8CAA /* Build configuration list for PBXNativeTarget "SwiftUI_Tutorial_Project_LandMarksTests" */;
			buildPhases = (
				C79E084B2AC377F7005F8CAA /* Sources */,
				C79E084C2AC377F7005F8CAA /* Frameworks */,
				C79E084D2AC377F7005F8CAA /* Resources */,
			);
			buildRules = (
			);
			dependencies = (
				C79E08512AC377F7005F8CAA /* PBXTargetDependency */,
			);
			name = SwiftUI_Tutorial_Project_LandMarksTests;
			productName = SwiftUI_Tutorial_Project_Tests;
			productReference = C79E084F2AC377F7005F8CAA /* SwiftUI_Tutorial_Project_LandMarksTests.xctest */;
			productType = "com.apple.product-type.bundle.unit-test";
		};
		C79E08582AC377F7005F8CAA /* SwiftUI_Tutorial_Project_LandMarksUITests */ = {
			isa = PBXNativeTarget;
			buildConfigurationList = C79E08692AC377F7005F8CAA /* Build configuration list for PBXNativeTarget "SwiftUI_Tutorial_Project_LandMarksUITests" */;
			buildPhases = (
				C79E08552AC377F7005F8CAA /* Sources */,
				C79E08562AC377F7005F8CAA /* Frameworks */,
				C79E08572AC377F7005F8CAA /* Resources */,
			);
			buildRules = (
			);
			dependencies = (
				C79E085B2AC377F7005F8CAA /* PBXTargetDependency */,
			);
			name = SwiftUI_Tutorial_Project_LandMarksUITests;
			productName = SwiftUI_Tutorial_Project_UITests;
			productReference = C79E08592AC377F7005F8CAA /* SwiftUI_Tutorial_Project_LandMarksUITests.xctest */;
			productType = "com.apple.product-type.bundle.ui-testing";
		};
/* End PBXNativeTarget section */

/* Begin PBXProject section */
		C79E08372AC377F4005F8CAA /* Project object */ = {
			isa = PBXProject;
			attributes = {
				BuildIndependentTargetsInParallel = 1;
				LastSwiftUpdateCheck = 1500;
				LastUpgradeCheck = 1500;
				TargetAttributes = {
					C79E083E2AC377F4005F8CAA = {
						CreatedOnToolsVersion = 15.0;
					};
					C79E084E2AC377F7005F8CAA = {
						CreatedOnToolsVersion = 15.0;
						TestTargetID = C79E083E2AC377F4005F8CAA;
					};
					C79E08582AC377F7005F8CAA = {
						CreatedOnToolsVersion = 15.0;
						TestTargetID = C79E083E2AC377F4005F8CAA;
					};
				};
			};
			buildConfigurationList = C79E083A2AC377F4005F8CAA /* Build configuration list for PBXProject "SwiftUI_Tutorial_Project_LandMarks" */;
			compatibilityVersion = "Xcode 14.0";
			developmentRegion = en;
			hasScannedForEncodings = 0;
			knownRegions = (
				en,
				Base,
			);
			mainGroup = C79E08362AC377F4005F8CAA;
			productRefGroup = C79E08402AC377F4005F8CAA /* Products */;
			projectDirPath = "";
			projectRoot = "";
			targets = (
				C79E083E2AC377F4005F8CAA /* SwiftUI_Tutorial_Project_LandMarks */,
				C79E084E2AC377F7005F8CAA /* SwiftUI_Tutorial_Project_LandMarksTests */,
				C79E08582AC377F7005F8CAA /* SwiftUI_Tutorial_Project_LandMarksUITests */,
			);
		};
/* End PBXProject section */

/* Begin PBXResourcesBuildPhase section */
		C79E083D2AC377F4005F8CAA /* Resources */ = {
			isa = PBXResourcesBuildPhase;
			buildActionMask = 2147483647;
			files = (
				C79E084A2AC377F6005F8CAA /* Preview Assets.xcassets in Resources */,
				C79E08472AC377F6005F8CAA /* Assets.xcassets in Resources */,
				C7BD20012AC77DA7004D036E /* landmarkData.json in Resources */,
			);
			runOnlyForDeploymentPostprocessing = 0;
		};
		C79E084D2AC377F7005F8CAA /* Resources */ = {
			isa = PBXResourcesBuildPhase;
			buildActionMask = 2147483647;
			files = (
			);
			runOnlyForDeploymentPostprocessing = 0;
		};
		C79E08572AC377F7005F8CAA /* Resources */ = {
			isa = PBXResourcesBuildPhase;
			buildActionMask = 2147483647;
			files = (
			);
			runOnlyForDeploymentPostprocessing = 0;
		};
/* End PBXResourcesBuildPhase section */

/* Begin PBXSourcesBuildPhase section */
		C79E083B2AC377F4005F8CAA /* Sources */ = {
			isa = PBXSourcesBuildPhase;
			buildActionMask = 2147483647;
			files = (
				C71EBA0B2AC382C20028822D /* CircleView.swift in Sources */,
				C79E08452AC377F4005F8CAA /* ContentView.swift in Sources */,
				C71EBA0D2AC3877D0028822D /* MapView.swift in Sources */,
				C79E086D2AC3791A005F8CAA /* ContentViewiPad.swift in Sources */,
				C766A5A72ACEF8F900F6D2D3 /* LandmarkList.swift in Sources */,
				C79E08432AC377F4005F8CAA /* SwiftUI_Tutorial_Project_App.swift in Sources */,
				C792AF4C2ACE085B00ADF7FC /* Landmark.swift in Sources */,
				C792AF522ACE0EFF00ADF7FC /* LandmarkRow.swift in Sources */,
				C766A5A92ACEFC0E00F6D2D3 /* LandmarkDetail.swift in Sources */,
				C7C78B5B2AD3274A00574E7F /* FavoriteButton.swift in Sources */,
				C792AF4E2ACE0C0100ADF7FC /* ModelData.swift in Sources */,
			);
			runOnlyForDeploymentPostprocessing = 0;
		};
		C79E084B2AC377F7005F8CAA /* Sources */ = {
			isa = PBXSourcesBuildPhase;
			buildActionMask = 2147483647;
			files = (
				C79E08542AC377F7005F8CAA /* SwiftUI_Tutorial_Project_Tests.swift in Sources */,
			);
			runOnlyForDeploymentPostprocessing = 0;
		};
		C79E08552AC377F7005F8CAA /* Sources */ = {
			isa = PBXSourcesBuildPhase;
			buildActionMask = 2147483647;
			files = (
				C79E08602AC377F7005F8CAA /* SwiftUI_Tutorial_Project_UITestsLaunchTests.swift in Sources */,
				C79E085E2AC377F7005F8CAA /* SwiftUI_Tutorial_Project_UITests.swift in Sources */,
			);
			runOnlyForDeploymentPostprocessing = 0;
		};
/* End PBXSourcesBuildPhase section */

/* Begin PBXTargetDependency section */
		C79E08512AC377F7005F8CAA /* PBXTargetDependency */ = {
			isa = PBXTargetDependency;
			target = C79E083E2AC377F4005F8CAA /* SwiftUI_Tutorial_Project_LandMarks */;
			targetProxy = C79E08502AC377F7005F8CAA /* PBXContainerItemProxy */;
		};
		C79E085B2AC377F7005F8CAA /* PBXTargetDependency */ = {
			isa = PBXTargetDependency;
			target = C79E083E2AC377F4005F8CAA /* SwiftUI_Tutorial_Project_LandMarks */;
			targetProxy = C79E085A2AC377F7005F8CAA /* PBXContainerItemProxy */;
		};
/* End PBXTargetDependency section */

/* Begin XCBuildConfiguration section */
		C79E08612AC377F7005F8CAA /* Debug */ = {
			isa = XCBuildConfiguration;
			buildSettings = {
				ALWAYS_SEARCH_USER_PATHS = NO;
				ASSETCATALOG_COMPILER_GENERATE_SWIFT_ASSET_SYMBOL_EXTENSIONS = YES;
				CLANG_ANALYZER_NONNULL = YES;
				CLANG_ANALYZER_NUMBER_OBJECT_CONVERSION = YES_AGGRESSIVE;
				CLANG_CXX_LANGUAGE_STANDARD = "gnu++20";
				CLANG_ENABLE_MODULES = YES;
				CLANG_ENABLE_OBJC_ARC = YES;
				CLANG_ENABLE_OBJC_WEAK = YES;
				CLANG_WARN_BLOCK_CAPTURE_AUTORELEASING = YES;
				CLANG_WARN_BOOL_CONVERSION = YES;
				CLANG_WARN_COMMA = YES;
				CLANG_WARN_CONSTANT_CONVERSION = YES;
				CLANG_WARN_DEPRECATED_OBJC_IMPLEMENTATIONS = YES;
				CLANG_WARN_DIRECT_OBJC_ISA_USAGE = YES_ERROR;
				CLANG_WARN_DOCUMENTATION_COMMENTS = YES;
				CLANG_WARN_EMPTY_BODY = YES;
				CLANG_WARN_ENUM_CONVERSION = YES;
				CLANG_WARN_INFINITE_RECURSION = YES;
				CLANG_WARN_INT_CONVERSION = YES;
				CLANG_WARN_NON_LITERAL_NULL_CONVERSION = YES;
				CLANG_WARN_OBJC_IMPLICIT_RETAIN_SELF = YES;
				CLANG_WARN_OBJC_LITERAL_CONVERSION = YES;
				CLANG_WARN_OBJC_ROOT_CLASS = YES_ERROR;
				CLANG_WARN_QUOTED_INCLUDE_IN_FRAMEWORK_HEADER = YES;
				CLANG_WARN_RANGE_LOOP_ANALYSIS = YES;
				CLANG_WARN_STRICT_PROTOTYPES = YES;
				CLANG_WARN_SUSPICIOUS_MOVE = YES;
				CLANG_WARN_UNGUARDED_AVAILABILITY = YES_AGGRESSIVE;
				CLANG_WARN_UNREACHABLE_CODE = YES;
				CLANG_WARN__DUPLICATE_METHOD_MATCH = YES;
				COPY_PHASE_STRIP = NO;
				DEBUG_INFORMATION_FORMAT = dwarf;
				ENABLE_STRICT_OBJC_MSGSEND = YES;
				ENABLE_TESTABILITY = YES;
				ENABLE_USER_SCRIPT_SANDBOXING = YES;
				GCC_C_LANGUAGE_STANDARD = gnu17;
				GCC_DYNAMIC_NO_PIC = NO;
				GCC_NO_COMMON_BLOCKS = YES;
				GCC_OPTIMIZATION_LEVEL = 0;
				GCC_PREPROCESSOR_DEFINITIONS = (
					"DEBUG=1",
					"$(inherited)",
				);
				GCC_WARN_64_TO_32_BIT_CONVERSION = YES;
				GCC_WARN_ABOUT_RETURN_TYPE = YES_ERROR;
				GCC_WARN_UNDECLARED_SELECTOR = YES;
				GCC_WARN_UNINITIALIZED_AUTOS = YES_AGGRESSIVE;
				GCC_WARN_UNUSED_FUNCTION = YES;
				GCC_WARN_UNUSED_VARIABLE = YES;
				IPHONEOS_DEPLOYMENT_TARGET = 17.0;
				LOCALIZATION_PREFERS_STRING_CATALOGS = YES;
				MTL_ENABLE_DEBUG_INFO = INCLUDE_SOURCE;
				MTL_FAST_MATH = YES;
				ONLY_ACTIVE_ARCH = YES;
				SDKROOT = iphoneos;
				SWIFT_ACTIVE_COMPILATION_CONDITIONS = "DEBUG $(inherited)";
				SWIFT_OPTIMIZATION_LEVEL = "-Onone";
			};
			name = Debug;
		};
		C79E08622AC377F7005F8CAA /* Release */ = {
			isa = XCBuildConfiguration;
			buildSettings = {
				ALWAYS_SEARCH_USER_PATHS = NO;
				ASSETCATALOG_COMPILER_GENERATE_SWIFT_ASSET_SYMBOL_EXTENSIONS = YES;
				CLANG_ANALYZER_NONNULL = YES;
				CLANG_ANALYZER_NUMBER_OBJECT_CONVERSION = YES_AGGRESSIVE;
				CLANG_CXX_LANGUAGE_STANDARD = "gnu++20";
				CLANG_ENABLE_MODULES = YES;
				CLANG_ENABLE_OBJC_ARC = YES;
				CLANG_ENABLE_OBJC_WEAK = YES;
				CLANG_WARN_BLOCK_CAPTURE_AUTORELEASING = YES;
				CLANG_WARN_BOOL_CONVERSION = YES;
				CLANG_WARN_COMMA = YES;
				CLANG_WARN_CONSTANT_CONVERSION = YES;
				CLANG_WARN_DEPRECATED_OBJC_IMPLEMENTATIONS = YES;
				CLANG_WARN_DIRECT_OBJC_ISA_USAGE = YES_ERROR;
				CLANG_WARN_DOCUMENTATION_COMMENTS = YES;
				CLANG_WARN_EMPTY_BODY = YES;
				CLANG_WARN_ENUM_CONVERSION = YES;
				CLANG_WARN_INFINITE_RECURSION = YES;
				CLANG_WARN_INT_CONVERSION = YES;
				CLANG_WARN_NON_LITERAL_NULL_CONVERSION = YES;
				CLANG_WARN_OBJC_IMPLICIT_RETAIN_SELF = YES;
				CLANG_WARN_OBJC_LITERAL_CONVERSION = YES;
				CLANG_WARN_OBJC_ROOT_CLASS = YES_ERROR;
				CLANG_WARN_QUOTED_INCLUDE_IN_FRAMEWORK_HEADER = YES;
				CLANG_WARN_RANGE_LOOP_ANALYSIS = YES;
				CLANG_WARN_STRICT_PROTOTYPES = YES;
				CLANG_WARN_SUSPICIOUS_MOVE = YES;
				CLANG_WARN_UNGUARDED_AVAILABILITY = YES_AGGRESSIVE;
				CLANG_WARN_UNREACHABLE_CODE = YES;
				CLANG_WARN__DUPLICATE_METHOD_MATCH = YES;
				COPY_PHASE_STRIP = NO;
				DEBUG_INFORMATION_FORMAT = "dwarf-with-dsym";
				ENABLE_NS_ASSERTIONS = NO;
				ENABLE_STRICT_OBJC_MSGSEND = YES;
				ENABLE_USER_SCRIPT_SANDBOXING = YES;
				GCC_C_LANGUAGE_STANDARD = gnu17;
				GCC_NO_COMMON_BLOCKS = YES;
				GCC_WARN_64_TO_32_BIT_CONVERSION = YES;
				GCC_WARN_ABOUT_RETURN_TYPE = YES_ERROR;
				GCC_WARN_UNDECLARED_SELECTOR = YES;
				GCC_WARN_UNINITIALIZED_AUTOS = YES_AGGRESSIVE;
				GCC_WARN_UNUSED_FUNCTION = YES;
				GCC_WARN_UNUSED_VARIABLE = YES;
				IPHONEOS_DEPLOYMENT_TARGET = 17.0;
				LOCALIZATION_PREFERS_STRING_CATALOGS = YES;
				MTL_ENABLE_DEBUG_INFO = NO;
				MTL_FAST_MATH = YES;
				SDKROOT = iphoneos;
				SWIFT_COMPILATION_MODE = wholemodule;
				VALIDATE_PRODUCT = YES;
			};
			name = Release;
		};
		C79E08642AC377F7005F8CAA /* Debug */ = {
			isa = XCBuildConfiguration;
			buildSettings = {
				ASSETCATALOG_COMPILER_APPICON_NAME = AppIcon;
				ASSETCATALOG_COMPILER_GLOBAL_ACCENT_COLOR_NAME = AccentColor;
				CODE_SIGN_STYLE = Automatic;
				CURRENT_PROJECT_VERSION = 1;
				DEVELOPMENT_ASSET_PATHS = "\"SwiftUI_Tutorial_Project_/Preview Content\"";
				DEVELOPMENT_TEAM = X6AKYQ3T46;
				ENABLE_PREVIEWS = YES;
				GENERATE_INFOPLIST_FILE = YES;
				INFOPLIST_KEY_UIApplicationSceneManifest_Generation = YES;
				INFOPLIST_KEY_UIApplicationSupportsIndirectInputEvents = YES;
				INFOPLIST_KEY_UILaunchScreen_Generation = YES;
				INFOPLIST_KEY_UISupportedInterfaceOrientations_iPad = "UIInterfaceOrientationPortrait UIInterfaceOrientationPortraitUpsideDown UIInterfaceOrientationLandscapeLeft UIInterfaceOrientationLandscapeRight";
				INFOPLIST_KEY_UISupportedInterfaceOrientations_iPhone = "UIInterfaceOrientationPortrait UIInterfaceOrientationLandscapeLeft UIInterfaceOrientationLandscapeRight";
				LD_RUNPATH_SEARCH_PATHS = (
					"$(inherited)",
					"@executable_path/Frameworks",
				);
				MARKETING_VERSION = 1.0;
				PRODUCT_BUNDLE_IDENTIFIER = "com.pearl.SwiftUI-Tutorial-Project-";
				PRODUCT_NAME = "$(TARGET_NAME)";
				SWIFT_EMIT_LOC_STRINGS = YES;
				SWIFT_VERSION = 5.0;
				TARGETED_DEVICE_FAMILY = "1,2";
			};
			name = Debug;
		};
		C79E08652AC377F7005F8CAA /* Release */ = {
			isa = XCBuildConfiguration;
			buildSettings = {
				ASSETCATALOG_COMPILER_APPICON_NAME = AppIcon;
				ASSETCATALOG_COMPILER_GLOBAL_ACCENT_COLOR_NAME = AccentColor;
				CODE_SIGN_STYLE = Automatic;
				CURRENT_PROJECT_VERSION = 1;
				DEVELOPMENT_ASSET_PATHS = "\"SwiftUI_Tutorial_Project_/Preview Content\"";
				DEVELOPMENT_TEAM = X6AKYQ3T46;
				ENABLE_PREVIEWS = YES;
				GENERATE_INFOPLIST_FILE = YES;
				INFOPLIST_KEY_UIApplicationSceneManifest_Generation = YES;
				INFOPLIST_KEY_UIApplicationSupportsIndirectInputEvents = YES;
				INFOPLIST_KEY_UILaunchScreen_Generation = YES;
				INFOPLIST_KEY_UISupportedInterfaceOrientations_iPad = "UIInterfaceOrientationPortrait UIInterfaceOrientationPortraitUpsideDown UIInterfaceOrientationLandscapeLeft UIInterfaceOrientationLandscapeRight";
				INFOPLIST_KEY_UISupportedInterfaceOrientations_iPhone = "UIInterfaceOrientationPortrait UIInterfaceOrientationLandscapeLeft UIInterfaceOrientationLandscapeRight";
				LD_RUNPATH_SEARCH_PATHS = (
					"$(inherited)",
					"@executable_path/Frameworks",
				);
				MARKETING_VERSION = 1.0;
				PRODUCT_BUNDLE_IDENTIFIER = "com.pearl.SwiftUI-Tutorial-Project-";
				PRODUCT_NAME = "$(TARGET_NAME)";
				SWIFT_EMIT_LOC_STRINGS = YES;
				SWIFT_VERSION = 5.0;
				TARGETED_DEVICE_FAMILY = "1,2";
			};
			name = Release;
		};
		C79E08672AC377F7005F8CAA /* Debug */ = {
			isa = XCBuildConfiguration;
			buildSettings = {
				ALWAYS_EMBED_SWIFT_STANDARD_LIBRARIES = YES;
				BUNDLE_LOADER = "$(TEST_HOST)";
				CODE_SIGN_STYLE = Automatic;
				CURRENT_PROJECT_VERSION = 1;
				DEVELOPMENT_TEAM = X6AKYQ3T46;
				GENERATE_INFOPLIST_FILE = YES;
				IPHONEOS_DEPLOYMENT_TARGET = 17.0;
				MARKETING_VERSION = 1.0;
				PRODUCT_BUNDLE_IDENTIFIER = "com.pearl.SwiftUI-Tutorial-Project-Tests";
				PRODUCT_NAME = "$(TARGET_NAME)";
				SWIFT_EMIT_LOC_STRINGS = NO;
				SWIFT_VERSION = 5.0;
				TARGETED_DEVICE_FAMILY = "1,2";
				TEST_HOST = "$(BUILT_PRODUCTS_DIR)/SwiftUI_Tutorial_Project_LandMarks.app/$(BUNDLE_EXECUTABLE_FOLDER_PATH)/SwiftUI_Tutorial_Project_LandMarks";
			};
			name = Debug;
		};
		C79E08682AC377F7005F8CAA /* Release */ = {
			isa = XCBuildConfiguration;
			buildSettings = {
				ALWAYS_EMBED_SWIFT_STANDARD_LIBRARIES = YES;
				BUNDLE_LOADER = "$(TEST_HOST)";
				CODE_SIGN_STYLE = Automatic;
				CURRENT_PROJECT_VERSION = 1;
				DEVELOPMENT_TEAM = X6AKYQ3T46;
				GENERATE_INFOPLIST_FILE = YES;
				IPHONEOS_DEPLOYMENT_TARGET = 17.0;
				MARKETING_VERSION = 1.0;
				PRODUCT_BUNDLE_IDENTIFIER = "com.pearl.SwiftUI-Tutorial-Project-Tests";
				PRODUCT_NAME = "$(TARGET_NAME)";
				SWIFT_EMIT_LOC_STRINGS = NO;
				SWIFT_VERSION = 5.0;
				TARGETED_DEVICE_FAMILY = "1,2";
				TEST_HOST = "$(BUILT_PRODUCTS_DIR)/SwiftUI_Tutorial_Project_LandMarks.app/$(BUNDLE_EXECUTABLE_FOLDER_PATH)/SwiftUI_Tutorial_Project_LandMarks";
			};
			name = Release;
		};
		C79E086A2AC377F7005F8CAA /* Debug */ = {
			isa = XCBuildConfiguration;
			buildSettings = {
				ALWAYS_EMBED_SWIFT_STANDARD_LIBRARIES = YES;
				CODE_SIGN_STYLE = Automatic;
				CURRENT_PROJECT_VERSION = 1;
				DEVELOPMENT_TEAM = X6AKYQ3T46;
				GENERATE_INFOPLIST_FILE = YES;
				MARKETING_VERSION = 1.0;
				PRODUCT_BUNDLE_IDENTIFIER = "com.pearl.SwiftUI-Tutorial-Project-UITests";
				PRODUCT_NAME = "$(TARGET_NAME)";
				SWIFT_EMIT_LOC_STRINGS = NO;
				SWIFT_VERSION = 5.0;
				TARGETED_DEVICE_FAMILY = "1,2";
				TEST_TARGET_NAME = SwiftUI_Tutorial_Project_;
			};
			name = Debug;
		};
		C79E086B2AC377F7005F8CAA /* Release */ = {
			isa = XCBuildConfiguration;
			buildSettings = {
				ALWAYS_EMBED_SWIFT_STANDARD_LIBRARIES = YES;
				CODE_SIGN_STYLE = Automatic;
				CURRENT_PROJECT_VERSION = 1;
				DEVELOPMENT_TEAM = X6AKYQ3T46;
				GENERATE_INFOPLIST_FILE = YES;
				MARKETING_VERSION = 1.0;
				PRODUCT_BUNDLE_IDENTIFIER = "com.pearl.SwiftUI-Tutorial-Project-UITests";
				PRODUCT_NAME = "$(TARGET_NAME)";
				SWIFT_EMIT_LOC_STRINGS = NO;
				SWIFT_VERSION = 5.0;
				TARGETED_DEVICE_FAMILY = "1,2";
				TEST_TARGET_NAME = SwiftUI_Tutorial_Project_;
			};
			name = Release;
		};
/* End XCBuildConfiguration section */

/* Begin XCConfigurationList section */
		C79E083A2AC377F4005F8CAA /* Build configuration list for PBXProject "SwiftUI_Tutorial_Project_LandMarks" */ = {
			isa = XCConfigurationList;
			buildConfigurations = (
				C79E08612AC377F7005F8CAA /* Debug */,
				C79E08622AC377F7005F8CAA /* Release */,
			);
			defaultConfigurationIsVisible = 0;
			defaultConfigurationName = Release;
		};
		C79E08632AC377F7005F8CAA /* Build configuration list for PBXNativeTarget "SwiftUI_Tutorial_Project_LandMarks" */ = {
			isa = XCConfigurationList;
			buildConfigurations = (
				C79E08642AC377F7005F8CAA /* Debug */,
				C79E08652AC377F7005F8CAA /* Release */,
			);
			defaultConfigurationIsVisible = 0;
			defaultConfigurationName = Release;
		};
		C79E08662AC377F7005F8CAA /* Build configuration list for PBXNativeTarget "SwiftUI_Tutorial_Project_LandMarksTests" */ = {
			isa = XCConfigurationList;
			buildConfigurations = (
				C79E08672AC377F7005F8CAA /* Debug */,
				C79E08682AC377F7005F8CAA /* Release */,
			);
			defaultConfigurationIsVisible = 0;
			defaultConfigurationName = Release;
		};
		C79E08692AC377F7005F8CAA /* Build configuration list for PBXNativeTarget "SwiftUI_Tutorial_Project_LandMarksUITests" */ = {
			isa = XCConfigurationList;
			buildConfigurations = (
				C79E086A2AC377F7005F8CAA /* Debug */,
				C79E086B2AC377F7005F8CAA /* Release */,
			);
			defaultConfigurationIsVisible = 0;
			defaultConfigurationName = Release;
		};
/* End XCConfigurationList section */
	};
	rootObject = C79E08372AC377F4005F8CAA /* Project object */;
}
